// !$*UTF8*$!
{
	archiveVersion = 1;
	classes = {
	};
	objectVersion = 46;
	objects = {

/* Begin PBXBuildFile section */
		0672C378122BAC9300DE1F54 /* WPBannerInfoLoader.m in Sources */ = {isa = PBXBuildFile; fileRef = 0672C36F122BAC9300DE1F54 /* WPBannerInfoLoader.m */; };
		0672C37A122BAC9300DE1F54 /* WPBannerView.m in Sources */ = {isa = PBXBuildFile; fileRef = 0672C373122BAC9300DE1F54 /* WPBannerView.m */; };
		0672C37B122BAC9300DE1F54 /* WPUtils.m in Sources */ = {isa = PBXBuildFile; fileRef = 0672C376122BAC9300DE1F54 /* WPUtils.m */; };
		0672C380122BAC9F00DE1F54 /* wp_banner_background.png in Resources */ = {isa = PBXBuildFile; fileRef = 0672C37D122BAC9F00DE1F54 /* wp_banner_background.png */; };
		0672C381122BAC9F00DE1F54 /* wp_banner_close.png in Resources */ = {isa = PBXBuildFile; fileRef = 0672C37E122BAC9F00DE1F54 /* wp_banner_close.png */; };
		0672C382122BAC9F00DE1F54 /* wp_banner_shild.png in Resources */ = {isa = PBXBuildFile; fileRef = 0672C37F122BAC9F00DE1F54 /* wp_banner_shild.png */; };
		0672C3CD122BAED700DE1F54 /* WPDemo1ViewController.m in Sources */ = {isa = PBXBuildFile; fileRef = 0672C3CC122BAED700DE1F54 /* WPDemo1ViewController.m */; };
		0672C3FF122BB04A00DE1F54 /* logo.png in Resources */ = {isa = PBXBuildFile; fileRef = 0672C3FE122BB04A00DE1F54 /* logo.png */; };
		0672C64C122BCEFE00DE1F54 /* Default.png in Resources */ = {isa = PBXBuildFile; fileRef = 0672C64A122BCEFE00DE1F54 /* Default.png */; };
		0672C64D122BCEFE00DE1F54 /* Icon.png in Resources */ = {isa = PBXBuildFile; fileRef = 0672C64B122BCEFE00DE1F54 /* Icon.png */; };
		06FE3324124A1BA600A7CA77 /* WPBannerRequestInfo.m in Sources */ = {isa = PBXBuildFile; fileRef = 06FE3323124A1BA600A7CA77 /* WPBannerRequestInfo.m */; };
		06FE3353124A21AD00A7CA77 /* WPMainDemoViewController.m in Sources */ = {isa = PBXBuildFile; fileRef = 06FE3352124A21AD00A7CA77 /* WPMainDemoViewController.m */; };
		06FE33BC124A282400A7CA77 /* WPDemo2ViewController.m in Sources */ = {isa = PBXBuildFile; fileRef = 06FE33BB124A282400A7CA77 /* WPDemo2ViewController.m */; };
		06FE33CF124A2CCE00A7CA77 /* WPDemo3ViewController.m in Sources */ = {isa = PBXBuildFile; fileRef = 06FE33CE124A2CCE00A7CA77 /* WPDemo3ViewController.m */; };
		1D3623260D0F684500981E51 /* WapPlusDemoAppDelegate.m in Sources */ = {isa = PBXBuildFile; fileRef = 1D3623250D0F684500981E51 /* WapPlusDemoAppDelegate.m */; };
		1D60589B0D05DD56006BFB54 /* main.m in Sources */ = {isa = PBXBuildFile; fileRef = 29B97316FDCFA39411CA2CEA /* main.m */; };
		1D60589F0D05DD5A006BFB54 /* Foundation.framework in Frameworks */ = {isa = PBXBuildFile; fileRef = 1D30AB110D05D00D00671497 /* Foundation.framework */; };
		1DF5F4E00D08C38300B7A737 /* UIKit.framework in Frameworks */ = {isa = PBXBuildFile; fileRef = 1DF5F4DF0D08C38300B7A737 /* UIKit.framework */; };
		288765A50DF7441C002DB57D /* CoreGraphics.framework in Frameworks */ = {isa = PBXBuildFile; fileRef = 288765A40DF7441C002DB57D /* CoreGraphics.framework */; };
		CE145D9B153F095000CC6BC1 /* LICENSE in Resources */ = {isa = PBXBuildFile; fileRef = CE145D8D153F095000CC6BC1 /* LICENSE */; };
		CE145D9C153F095000CC6BC1 /* MRAdView.m in Sources */ = {isa = PBXBuildFile; fileRef = CE145D90153F095000CC6BC1 /* MRAdView.m */; };
		CE145D9D153F095000CC6BC1 /* MRAdViewBrowsingController.m in Sources */ = {isa = PBXBuildFile; fileRef = CE145D92153F095000CC6BC1 /* MRAdViewBrowsingController.m */; };
		CE145D9E153F095000CC6BC1 /* MRAdViewDisplayController.m in Sources */ = {isa = PBXBuildFile; fileRef = CE145D94153F095000CC6BC1 /* MRAdViewDisplayController.m */; };
		CE145D9F153F095000CC6BC1 /* MRCommand.m in Sources */ = {isa = PBXBuildFile; fileRef = CE145D96153F095000CC6BC1 /* MRCommand.m */; };
		CE145DA0153F095000CC6BC1 /* MRDimmingView.m in Sources */ = {isa = PBXBuildFile; fileRef = CE145D98153F095000CC6BC1 /* MRDimmingView.m */; };
		CE145DA1153F095000CC6BC1 /* MRProperty.m in Sources */ = {isa = PBXBuildFile; fileRef = CE145D9A153F095000CC6BC1 /* MRProperty.m */; };
		CE145DAB153F097400CC6BC1 /* MPAdBrowserController.m in Sources */ = {isa = PBXBuildFile; fileRef = CE145DA3153F097400CC6BC1 /* MPAdBrowserController.m */; };
		CE145DAE153F097400CC6BC1 /* MPTimer.m in Sources */ = {isa = PBXBuildFile; fileRef = CE145DAA153F097400CC6BC1 /* MPTimer.m */; };
		CE145DB6153F09D700CC6BC1 /* MRAID.bundle in Resources */ = {isa = PBXBuildFile; fileRef = CE145DAF153F09D700CC6BC1 /* MRAID.bundle */; };
		CE145DB7153F09D700CC6BC1 /* NSString+MD5Addition.m in Sources */ = {isa = PBXBuildFile; fileRef = CE145DB1153F09D700CC6BC1 /* NSString+MD5Addition.m */; };
		CE145DB8153F09D700CC6BC1 /* UIDevice+IdentifierAddition.m in Sources */ = {isa = PBXBuildFile; fileRef = CE145DB3153F09D700CC6BC1 /* UIDevice+IdentifierAddition.m */; };
		CE145DB9153F09D700CC6BC1 /* WPAdView.m in Sources */ = {isa = PBXBuildFile; fileRef = CE145DB5153F09D700CC6BC1 /* WPAdView.m */; };
		CE6C8CEA13C597F400EC98B9 /* CoreLocation.framework in Frameworks */ = {isa = PBXBuildFile; fileRef = CE6C8CE913C597F400EC98B9 /* CoreLocation.framework */; };
		CE6C8CEE13C5993C00EC98B9 /* WPLocationManager.m in Sources */ = {isa = PBXBuildFile; fileRef = CE6C8CED13C5993C00EC98B9 /* WPLocationManager.m */; };
/* End PBXBuildFile section */

/* Begin PBXFileReference section */
		0672C36E122BAC9300DE1F54 /* WPBannerInfoLoader.h */ = {isa = PBXFileReference; fileEncoding = 4; lastKnownFileType = sourcecode.c.h; path = WPBannerInfoLoader.h; sourceTree = "<group>"; };
		0672C36F122BAC9300DE1F54 /* WPBannerInfoLoader.m */ = {isa = PBXFileReference; fileEncoding = 4; lastKnownFileType = sourcecode.c.objc; path = WPBannerInfoLoader.m; sourceTree = "<group>"; };
		0672C372122BAC9300DE1F54 /* WPBannerView.h */ = {isa = PBXFileReference; fileEncoding = 4; lastKnownFileType = sourcecode.c.h; path = WPBannerView.h; sourceTree = "<group>"; };
		0672C373122BAC9300DE1F54 /* WPBannerView.m */ = {isa = PBXFileReference; fileEncoding = 4; lastKnownFileType = sourcecode.c.objc; path = WPBannerView.m; sourceTree = "<group>"; };
		0672C374122BAC9300DE1F54 /* WPTypes.h */ = {isa = PBXFileReference; fileEncoding = 4; lastKnownFileType = sourcecode.c.h; path = WPTypes.h; sourceTree = "<group>"; };
		0672C375122BAC9300DE1F54 /* WPUtils.h */ = {isa = PBXFileReference; fileEncoding = 4; lastKnownFileType = sourcecode.c.h; path = WPUtils.h; sourceTree = "<group>"; };
		0672C376122BAC9300DE1F54 /* WPUtils.m */ = {isa = PBXFileReference; fileEncoding = 4; lastKnownFileType = sourcecode.c.objc; path = WPUtils.m; sourceTree = "<group>"; };
		0672C37D122BAC9F00DE1F54 /* wp_banner_background.png */ = {isa = PBXFileReference; lastKnownFileType = image.png; path = wp_banner_background.png; sourceTree = "<group>"; };
		0672C37E122BAC9F00DE1F54 /* wp_banner_close.png */ = {isa = PBXFileReference; lastKnownFileType = image.png; path = wp_banner_close.png; sourceTree = "<group>"; };
		0672C37F122BAC9F00DE1F54 /* wp_banner_shild.png */ = {isa = PBXFileReference; lastKnownFileType = image.png; path = wp_banner_shild.png; sourceTree = "<group>"; };
		0672C3CB122BAED700DE1F54 /* WPDemo1ViewController.h */ = {isa = PBXFileReference; fileEncoding = 4; lastKnownFileType = sourcecode.c.h; path = WPDemo1ViewController.h; sourceTree = "<group>"; };
		0672C3CC122BAED700DE1F54 /* WPDemo1ViewController.m */ = {isa = PBXFileReference; fileEncoding = 4; lastKnownFileType = sourcecode.c.objc; path = WPDemo1ViewController.m; sourceTree = "<group>"; };
		0672C3FE122BB04A00DE1F54 /* logo.png */ = {isa = PBXFileReference; lastKnownFileType = image.png; path = logo.png; sourceTree = "<group>"; };
		0672C64A122BCEFE00DE1F54 /* Default.png */ = {isa = PBXFileReference; lastKnownFileType = image.png; path = Default.png; sourceTree = "<group>"; };
		0672C64B122BCEFE00DE1F54 /* Icon.png */ = {isa = PBXFileReference; lastKnownFileType = image.png; path = Icon.png; sourceTree = "<group>"; };
		06FE3322124A1BA600A7CA77 /* WPBannerRequestInfo.h */ = {isa = PBXFileReference; fileEncoding = 4; lastKnownFileType = sourcecode.c.h; path = WPBannerRequestInfo.h; sourceTree = "<group>"; };
		06FE3323124A1BA600A7CA77 /* WPBannerRequestInfo.m */ = {isa = PBXFileReference; fileEncoding = 4; lastKnownFileType = sourcecode.c.objc; path = WPBannerRequestInfo.m; sourceTree = "<group>"; };
		06FE3351124A21AD00A7CA77 /* WPMainDemoViewController.h */ = {isa = PBXFileReference; fileEncoding = 4; lastKnownFileType = sourcecode.c.h; path = WPMainDemoViewController.h; sourceTree = "<group>"; };
		06FE3352124A21AD00A7CA77 /* WPMainDemoViewController.m */ = {isa = PBXFileReference; fileEncoding = 4; lastKnownFileType = sourcecode.c.objc; path = WPMainDemoViewController.m; sourceTree = "<group>"; };
		06FE33BA124A282400A7CA77 /* WPDemo2ViewController.h */ = {isa = PBXFileReference; fileEncoding = 4; lastKnownFileType = sourcecode.c.h; path = WPDemo2ViewController.h; sourceTree = "<group>"; };
		06FE33BB124A282400A7CA77 /* WPDemo2ViewController.m */ = {isa = PBXFileReference; fileEncoding = 4; lastKnownFileType = sourcecode.c.objc; path = WPDemo2ViewController.m; sourceTree = "<group>"; };
		06FE33CD124A2CCE00A7CA77 /* WPDemo3ViewController.h */ = {isa = PBXFileReference; fileEncoding = 4; lastKnownFileType = sourcecode.c.h; path = WPDemo3ViewController.h; sourceTree = "<group>"; };
		06FE33CE124A2CCE00A7CA77 /* WPDemo3ViewController.m */ = {isa = PBXFileReference; fileEncoding = 4; lastKnownFileType = sourcecode.c.objc; path = WPDemo3ViewController.m; sourceTree = "<group>"; };
		1D30AB110D05D00D00671497 /* Foundation.framework */ = {isa = PBXFileReference; lastKnownFileType = wrapper.framework; name = Foundation.framework; path = System/Library/Frameworks/Foundation.framework; sourceTree = SDKROOT; };
		1D3623240D0F684500981E51 /* WapPlusDemoAppDelegate.h */ = {isa = PBXFileReference; fileEncoding = 4; lastKnownFileType = sourcecode.c.h; path = WapPlusDemoAppDelegate.h; sourceTree = "<group>"; };
		1D3623250D0F684500981E51 /* WapPlusDemoAppDelegate.m */ = {isa = PBXFileReference; fileEncoding = 4; lastKnownFileType = sourcecode.c.objc; path = WapPlusDemoAppDelegate.m; sourceTree = "<group>"; };
		1D6058910D05DD3D006BFB54 /* WapPlusDemo.app */ = {isa = PBXFileReference; explicitFileType = wrapper.application; includeInIndex = 0; path = WapPlusDemo.app; sourceTree = BUILT_PRODUCTS_DIR; };
		1DF5F4DF0D08C38300B7A737 /* UIKit.framework */ = {isa = PBXFileReference; lastKnownFileType = wrapper.framework; name = UIKit.framework; path = System/Library/Frameworks/UIKit.framework; sourceTree = SDKROOT; };
		288765A40DF7441C002DB57D /* CoreGraphics.framework */ = {isa = PBXFileReference; lastKnownFileType = wrapper.framework; name = CoreGraphics.framework; path = System/Library/Frameworks/CoreGraphics.framework; sourceTree = SDKROOT; };
		29B97316FDCFA39411CA2CEA /* main.m */ = {isa = PBXFileReference; fileEncoding = 4; lastKnownFileType = sourcecode.c.objc; path = main.m; sourceTree = "<group>"; };
		32CA4F630368D1EE00C91783 /* WapPlusDemo_Prefix.pch */ = {isa = PBXFileReference; fileEncoding = 4; lastKnownFileType = sourcecode.c.h; path = WapPlusDemo_Prefix.pch; sourceTree = "<group>"; };
		8D1107310486CEB800E47090 /* WapPlusDemo-Info.plist */ = {isa = PBXFileReference; fileEncoding = 4; lastKnownFileType = text.plist.xml; path = "WapPlusDemo-Info.plist"; plistStructureDefinitionIdentifier = "com.apple.xcode.plist.structure-definition.iphone.info-plist"; sourceTree = "<group>"; };
		CE145D8D153F095000CC6BC1 /* LICENSE */ = {isa = PBXFileReference; fileEncoding = 4; lastKnownFileType = text; path = LICENSE; sourceTree = "<group>"; };
		CE145D8E153F095000CC6BC1 /* MRAdView+Controllers.h */ = {isa = PBXFileReference; fileEncoding = 4; lastKnownFileType = sourcecode.c.h; path = "MRAdView+Controllers.h"; sourceTree = "<group>"; };
		CE145D8F153F095000CC6BC1 /* MRAdView.h */ = {isa = PBXFileReference; fileEncoding = 4; lastKnownFileType = sourcecode.c.h; path = MRAdView.h; sourceTree = "<group>"; };
		CE145D90153F095000CC6BC1 /* MRAdView.m */ = {isa = PBXFileReference; fileEncoding = 4; lastKnownFileType = sourcecode.c.objc; path = MRAdView.m; sourceTree = "<group>"; };
		CE145D91153F095000CC6BC1 /* MRAdViewBrowsingController.h */ = {isa = PBXFileReference; fileEncoding = 4; lastKnownFileType = sourcecode.c.h; path = MRAdViewBrowsingController.h; sourceTree = "<group>"; };
		CE145D92153F095000CC6BC1 /* MRAdViewBrowsingController.m */ = {isa = PBXFileReference; fileEncoding = 4; lastKnownFileType = sourcecode.c.objc; path = MRAdViewBrowsingController.m; sourceTree = "<group>"; };
		CE145D93153F095000CC6BC1 /* MRAdViewDisplayController.h */ = {isa = PBXFileReference; fileEncoding = 4; lastKnownFileType = sourcecode.c.h; path = MRAdViewDisplayController.h; sourceTree = "<group>"; };
		CE145D94153F095000CC6BC1 /* MRAdViewDisplayController.m */ = {isa = PBXFileReference; fileEncoding = 4; lastKnownFileType = sourcecode.c.objc; path = MRAdViewDisplayController.m; sourceTree = "<group>"; };
		CE145D95153F095000CC6BC1 /* MRCommand.h */ = {isa = PBXFileReference; fileEncoding = 4; lastKnownFileType = sourcecode.c.h; path = MRCommand.h; sourceTree = "<group>"; };
		CE145D96153F095000CC6BC1 /* MRCommand.m */ = {isa = PBXFileReference; fileEncoding = 4; lastKnownFileType = sourcecode.c.objc; path = MRCommand.m; sourceTree = "<group>"; };
		CE145D97153F095000CC6BC1 /* MRDimmingView.h */ = {isa = PBXFileReference; fileEncoding = 4; lastKnownFileType = sourcecode.c.h; path = MRDimmingView.h; sourceTree = "<group>"; };
		CE145D98153F095000CC6BC1 /* MRDimmingView.m */ = {isa = PBXFileReference; fileEncoding = 4; lastKnownFileType = sourcecode.c.objc; path = MRDimmingView.m; sourceTree = "<group>"; };
		CE145D99153F095000CC6BC1 /* MRProperty.h */ = {isa = PBXFileReference; fileEncoding = 4; lastKnownFileType = sourcecode.c.h; path = MRProperty.h; sourceTree = "<group>"; };
		CE145D9A153F095000CC6BC1 /* MRProperty.m */ = {isa = PBXFileReference; fileEncoding = 4; lastKnownFileType = sourcecode.c.objc; path = MRProperty.m; sourceTree = "<group>"; };
		CE145DA2153F097400CC6BC1 /* MPAdBrowserController.h */ = {isa = PBXFileReference; fileEncoding = 4; lastKnownFileType = sourcecode.c.h; path = MPAdBrowserController.h; sourceTree = "<group>"; };
		CE145DA3153F097400CC6BC1 /* MPAdBrowserController.m */ = {isa = PBXFileReference; fileEncoding = 4; lastKnownFileType = sourcecode.c.objc; path = MPAdBrowserController.m; sourceTree = "<group>"; };
		CE145DA9153F097400CC6BC1 /* MPTimer.h */ = {isa = PBXFileReference; fileEncoding = 4; lastKnownFileType = sourcecode.c.h; path = MPTimer.h; sourceTree = "<group>"; };
		CE145DAA153F097400CC6BC1 /* MPTimer.m */ = {isa = PBXFileReference; fileEncoding = 4; lastKnownFileType = sourcecode.c.objc; path = MPTimer.m; sourceTree = "<group>"; };
		CE145DAF153F09D700CC6BC1 /* MRAID.bundle */ = {isa = PBXFileReference; lastKnownFileType = "wrapper.plug-in"; path = MRAID.bundle; sourceTree = "<group>"; };
		CE145DB0153F09D700CC6BC1 /* NSString+MD5Addition.h */ = {isa = PBXFileReference; fileEncoding = 4; lastKnownFileType = sourcecode.c.h; path = "NSString+MD5Addition.h"; sourceTree = "<group>"; };
		CE145DB1153F09D700CC6BC1 /* NSString+MD5Addition.m */ = {isa = PBXFileReference; fileEncoding = 4; lastKnownFileType = sourcecode.c.objc; path = "NSString+MD5Addition.m"; sourceTree = "<group>"; };
		CE145DB2153F09D700CC6BC1 /* UIDevice+IdentifierAddition.h */ = {isa = PBXFileReference; fileEncoding = 4; lastKnownFileType = sourcecode.c.h; path = "UIDevice+IdentifierAddition.h"; sourceTree = "<group>"; };
		CE145DB3153F09D700CC6BC1 /* UIDevice+IdentifierAddition.m */ = {isa = PBXFileReference; fileEncoding = 4; lastKnownFileType = sourcecode.c.objc; path = "UIDevice+IdentifierAddition.m"; sourceTree = "<group>"; };
		CE145DB4153F09D700CC6BC1 /* WPAdView.h */ = {isa = PBXFileReference; fileEncoding = 4; lastKnownFileType = sourcecode.c.h; path = WPAdView.h; sourceTree = "<group>"; };
		CE145DB5153F09D700CC6BC1 /* WPAdView.m */ = {isa = PBXFileReference; fileEncoding = 4; lastKnownFileType = sourcecode.c.objc; path = WPAdView.m; sourceTree = "<group>"; };
		CE145DBA15417E7900CC6BC1 /* WPLogging.h */ = {isa = PBXFileReference; fileEncoding = 4; lastKnownFileType = sourcecode.c.h; path = WPLogging.h; sourceTree = "<group>"; };
		CE6C8CE913C597F400EC98B9 /* CoreLocation.framework */ = {isa = PBXFileReference; lastKnownFileType = wrapper.framework; name = CoreLocation.framework; path = /System/Library/Frameworks/CoreLocation.framework; sourceTree = "<absolute>"; };
		CE6C8CEC13C5993C00EC98B9 /* WPLocationManager.h */ = {isa = PBXFileReference; fileEncoding = 4; lastKnownFileType = sourcecode.c.h; path = WPLocationManager.h; sourceTree = "<group>"; };
		CE6C8CED13C5993C00EC98B9 /* WPLocationManager.m */ = {isa = PBXFileReference; fileEncoding = 4; lastKnownFileType = sourcecode.c.objc; path = WPLocationManager.m; sourceTree = "<group>"; };
/* End PBXFileReference section */

/* Begin PBXFrameworksBuildPhase section */
		1D60588F0D05DD3D006BFB54 /* Frameworks */ = {
			isa = PBXFrameworksBuildPhase;
			buildActionMask = 2147483647;
			files = (
				CE6C8CEA13C597F400EC98B9 /* CoreLocation.framework in Frameworks */,
				1D60589F0D05DD5A006BFB54 /* Foundation.framework in Frameworks */,
				1DF5F4E00D08C38300B7A737 /* UIKit.framework in Frameworks */,
				288765A50DF7441C002DB57D /* CoreGraphics.framework in Frameworks */,
			);
			runOnlyForDeploymentPostprocessing = 0;
		};
/* End PBXFrameworksBuildPhase section */

/* Begin PBXGroup section */
		0672C33A122BAB5800DE1F54 /* SDK */ = {
			isa = PBXGroup;
			children = (
				06FE372D1252346D00A7CA77 /* src */,
				0672C37C122BAC9F00DE1F54 /* resources */,
			);
			name = SDK;
			path = ../SDK/src;
			sourceTree = "<group>";
		};
		0672C37C122BAC9F00DE1F54 /* resources */ = {
			isa = PBXGroup;
			children = (
				0672C37D122BAC9F00DE1F54 /* wp_banner_background.png */,
				0672C37E122BAC9F00DE1F54 /* wp_banner_close.png */,
				0672C37F122BAC9F00DE1F54 /* wp_banner_shild.png */,
			);
			name = resources;
			path = ../SDK/resources;
			sourceTree = SOURCE_ROOT;
		};
		06FE372D1252346D00A7CA77 /* src */ = {
			isa = PBXGroup;
			children = (
				CE145DAF153F09D700CC6BC1 /* MRAID.bundle */,
				CE145DB0153F09D700CC6BC1 /* NSString+MD5Addition.h */,
				CE145DB1153F09D700CC6BC1 /* NSString+MD5Addition.m */,
				CE145DB2153F09D700CC6BC1 /* UIDevice+IdentifierAddition.h */,
				CE145DB3153F09D700CC6BC1 /* UIDevice+IdentifierAddition.m */,
				CE145DB4153F09D700CC6BC1 /* WPAdView.h */,
				CE145DB5153F09D700CC6BC1 /* WPAdView.m */,
				CE145DA2153F097400CC6BC1 /* MPAdBrowserController.h */,
				CE145DA3153F097400CC6BC1 /* MPAdBrowserController.m */,
				CE145DA9153F097400CC6BC1 /* MPTimer.h */,
				CE145DAA153F097400CC6BC1 /* MPTimer.m */,
				CE145D8C153F095000CC6BC1 /* MRAID */,
				06FE3322124A1BA600A7CA77 /* WPBannerRequestInfo.h */,
				06FE3323124A1BA600A7CA77 /* WPBannerRequestInfo.m */,
				0672C36E122BAC9300DE1F54 /* WPBannerInfoLoader.h */,
				0672C36F122BAC9300DE1F54 /* WPBannerInfoLoader.m */,
				0672C372122BAC9300DE1F54 /* WPBannerView.h */,
				0672C373122BAC9300DE1F54 /* WPBannerView.m */,
				0672C374122BAC9300DE1F54 /* WPTypes.h */,
				0672C375122BAC9300DE1F54 /* WPUtils.h */,
				0672C376122BAC9300DE1F54 /* WPUtils.m */,
				CE6C8CEC13C5993C00EC98B9 /* WPLocationManager.h */,
				CE6C8CED13C5993C00EC98B9 /* WPLocationManager.m */,
				CE145DBA15417E7900CC6BC1 /* WPLogging.h */,
			);
			name = src;
			sourceTree = "<group>";
		};
		080E96DDFE201D6D7F000001 /* Classes */ = {
			isa = PBXGroup;
			children = (
				1D3623240D0F684500981E51 /* WapPlusDemoAppDelegate.h */,
				1D3623250D0F684500981E51 /* WapPlusDemoAppDelegate.m */,
				06FE3351124A21AD00A7CA77 /* WPMainDemoViewController.h */,
				06FE3352124A21AD00A7CA77 /* WPMainDemoViewController.m */,
				0672C3CB122BAED700DE1F54 /* WPDemo1ViewController.h */,
				0672C3CC122BAED700DE1F54 /* WPDemo1ViewController.m */,
				06FE33BA124A282400A7CA77 /* WPDemo2ViewController.h */,
				06FE33BB124A282400A7CA77 /* WPDemo2ViewController.m */,
				06FE33CD124A2CCE00A7CA77 /* WPDemo3ViewController.h */,
				06FE33CE124A2CCE00A7CA77 /* WPDemo3ViewController.m */,
			);
			path = Classes;
			sourceTree = "<group>";
		};
		19C28FACFE9D520D11CA2CBB /* Products */ = {
			isa = PBXGroup;
			children = (
				1D6058910D05DD3D006BFB54 /* WapPlusDemo.app */,
			);
			name = Products;
			sourceTree = "<group>";
		};
		29B97314FDCFA39411CA2CEA /* CustomTemplate */ = {
			isa = PBXGroup;
			children = (
				0672C33A122BAB5800DE1F54 /* SDK */,
				080E96DDFE201D6D7F000001 /* Classes */,
				29B97315FDCFA39411CA2CEA /* Other Sources */,
				29B97317FDCFA39411CA2CEA /* Resources */,
				29B97323FDCFA39411CA2CEA /* Frameworks */,
				19C28FACFE9D520D11CA2CBB /* Products */,
			);
			name = CustomTemplate;
			sourceTree = "<group>";
		};
		29B97315FDCFA39411CA2CEA /* Other Sources */ = {
			isa = PBXGroup;
			children = (
				32CA4F630368D1EE00C91783 /* WapPlusDemo_Prefix.pch */,
				29B97316FDCFA39411CA2CEA /* main.m */,
			);
			name = "Other Sources";
			sourceTree = "<group>";
		};
		29B97317FDCFA39411CA2CEA /* Resources */ = {
			isa = PBXGroup;
			children = (
				0672C64A122BCEFE00DE1F54 /* Default.png */,
				0672C64B122BCEFE00DE1F54 /* Icon.png */,
				0672C3FE122BB04A00DE1F54 /* logo.png */,
				8D1107310486CEB800E47090 /* WapPlusDemo-Info.plist */,
			);
			name = Resources;
			sourceTree = "<group>";
		};
		29B97323FDCFA39411CA2CEA /* Frameworks */ = {
			isa = PBXGroup;
			children = (
				CE6C8CE913C597F400EC98B9 /* CoreLocation.framework */,
				1DF5F4DF0D08C38300B7A737 /* UIKit.framework */,
				1D30AB110D05D00D00671497 /* Foundation.framework */,
				288765A40DF7441C002DB57D /* CoreGraphics.framework */,
			);
			name = Frameworks;
			sourceTree = "<group>";
		};
		CE145D8C153F095000CC6BC1 /* MRAID */ = {
			isa = PBXGroup;
			children = (
				CE145D8D153F095000CC6BC1 /* LICENSE */,
				CE145D8E153F095000CC6BC1 /* MRAdView+Controllers.h */,
				CE145D8F153F095000CC6BC1 /* MRAdView.h */,
				CE145D90153F095000CC6BC1 /* MRAdView.m */,
				CE145D91153F095000CC6BC1 /* MRAdViewBrowsingController.h */,
				CE145D92153F095000CC6BC1 /* MRAdViewBrowsingController.m */,
				CE145D93153F095000CC6BC1 /* MRAdViewDisplayController.h */,
				CE145D94153F095000CC6BC1 /* MRAdViewDisplayController.m */,
				CE145D95153F095000CC6BC1 /* MRCommand.h */,
				CE145D96153F095000CC6BC1 /* MRCommand.m */,
				CE145D97153F095000CC6BC1 /* MRDimmingView.h */,
				CE145D98153F095000CC6BC1 /* MRDimmingView.m */,
				CE145D99153F095000CC6BC1 /* MRProperty.h */,
				CE145D9A153F095000CC6BC1 /* MRProperty.m */,
			);
			path = MRAID;
			sourceTree = "<group>";
		};
/* End PBXGroup section */

/* Begin PBXNativeTarget section */
		1D6058900D05DD3D006BFB54 /* WapPlusDemo */ = {
			isa = PBXNativeTarget;
			buildConfigurationList = 1D6058960D05DD3E006BFB54 /* Build configuration list for PBXNativeTarget "WapPlusDemo" */;
			buildPhases = (
				1D60588D0D05DD3D006BFB54 /* Resources */,
				1D60588E0D05DD3D006BFB54 /* Sources */,
				1D60588F0D05DD3D006BFB54 /* Frameworks */,
			);
			buildRules = (
			);
			dependencies = (
			);
			name = WapPlusDemo;
			productName = WapPlusDemo;
			productReference = 1D6058910D05DD3D006BFB54 /* WapPlusDemo.app */;
			productType = "com.apple.product-type.application";
		};
/* End PBXNativeTarget section */

/* Begin PBXProject section */
		29B97313FDCFA39411CA2CEA /* Project object */ = {
			isa = PBXProject;
			buildConfigurationList = C01FCF4E08A954540054247B /* Build configuration list for PBXProject "WapPlusDemo" */;
			compatibilityVersion = "Xcode 3.2";
			developmentRegion = English;
			hasScannedForEncodings = 1;
			knownRegions = (
				English,
				Japanese,
				French,
				German,
			);
			mainGroup = 29B97314FDCFA39411CA2CEA /* CustomTemplate */;
			projectDirPath = "";
			projectRoot = "";
			targets = (
				1D6058900D05DD3D006BFB54 /* WapPlusDemo */,
			);
		};
/* End PBXProject section */

/* Begin PBXResourcesBuildPhase section */
		1D60588D0D05DD3D006BFB54 /* Resources */ = {
			isa = PBXResourcesBuildPhase;
			buildActionMask = 2147483647;
			files = (
				0672C380122BAC9F00DE1F54 /* wp_banner_background.png in Resources */,
				0672C381122BAC9F00DE1F54 /* wp_banner_close.png in Resources */,
				0672C382122BAC9F00DE1F54 /* wp_banner_shild.png in Resources */,
				0672C3FF122BB04A00DE1F54 /* logo.png in Resources */,
				0672C64C122BCEFE00DE1F54 /* Default.png in Resources */,
				0672C64D122BCEFE00DE1F54 /* Icon.png in Resources */,
				CE145D9B153F095000CC6BC1 /* LICENSE in Resources */,
				CE145DB6153F09D700CC6BC1 /* MRAID.bundle in Resources */,
			);
			runOnlyForDeploymentPostprocessing = 0;
		};
/* End PBXResourcesBuildPhase section */

/* Begin PBXSourcesBuildPhase section */
		1D60588E0D05DD3D006BFB54 /* Sources */ = {
			isa = PBXSourcesBuildPhase;
			buildActionMask = 2147483647;
			files = (
				1D60589B0D05DD56006BFB54 /* main.m in Sources */,
				1D3623260D0F684500981E51 /* WapPlusDemoAppDelegate.m in Sources */,
				0672C378122BAC9300DE1F54 /* WPBannerInfoLoader.m in Sources */,
				0672C37A122BAC9300DE1F54 /* WPBannerView.m in Sources */,
				0672C37B122BAC9300DE1F54 /* WPUtils.m in Sources */,
				0672C3CD122BAED700DE1F54 /* WPDemo1ViewController.m in Sources */,
				06FE3324124A1BA600A7CA77 /* WPBannerRequestInfo.m in Sources */,
				06FE3353124A21AD00A7CA77 /* WPMainDemoViewController.m in Sources */,
				06FE33BC124A282400A7CA77 /* WPDemo2ViewController.m in Sources */,
				06FE33CF124A2CCE00A7CA77 /* WPDemo3ViewController.m in Sources */,
				CE6C8CEE13C5993C00EC98B9 /* WPLocationManager.m in Sources */,
				CE145D9C153F095000CC6BC1 /* MRAdView.m in Sources */,
				CE145D9D153F095000CC6BC1 /* MRAdViewBrowsingController.m in Sources */,
				CE145D9E153F095000CC6BC1 /* MRAdViewDisplayController.m in Sources */,
				CE145D9F153F095000CC6BC1 /* MRCommand.m in Sources */,
				CE145DA0153F095000CC6BC1 /* MRDimmingView.m in Sources */,
				CE145DA1153F095000CC6BC1 /* MRProperty.m in Sources */,
				CE145DAB153F097400CC6BC1 /* MPAdBrowserController.m in Sources */,
				CE145DAE153F097400CC6BC1 /* MPTimer.m in Sources */,
				CE145DB7153F09D700CC6BC1 /* NSString+MD5Addition.m in Sources */,
				CE145DB8153F09D700CC6BC1 /* UIDevice+IdentifierAddition.m in Sources */,
				CE145DB9153F09D700CC6BC1 /* WPAdView.m in Sources */,
			);
			runOnlyForDeploymentPostprocessing = 0;
		};
/* End PBXSourcesBuildPhase section */

/* Begin XCBuildConfiguration section */
		1D6058940D05DD3E006BFB54 /* Debug */ = {
			isa = XCBuildConfiguration;
			buildSettings = {
				ALWAYS_SEARCH_USER_PATHS = NO;
				COPY_PHASE_STRIP = NO;
				GCC_DYNAMIC_NO_PIC = NO;
				GCC_OPTIMIZATION_LEVEL = 0;
				GCC_PRECOMPILE_PREFIX_HEADER = YES;
				GCC_PREFIX_HEADER = WapPlusDemo_Prefix.pch;
				INFOPLIST_FILE = "WapPlusDemo-Info.plist";
				IPHONEOS_DEPLOYMENT_TARGET = 5.1;
				OTHER_CFLAGS = "";
				"OTHER_CFLAGS[arch=*]" = "-DDEBUG";
				PRODUCT_NAME = WapPlusDemo;
				SDKROOT = iphoneos5.1;
				TARGETED_DEVICE_FAMILY = "1,2";
			};
			name = Debug;
		};
		1D6058950D05DD3E006BFB54 /* Release */ = {
			isa = XCBuildConfiguration;
			buildSettings = {
				ALWAYS_SEARCH_USER_PATHS = NO;
				COPY_PHASE_STRIP = YES;
				GCC_PRECOMPILE_PREFIX_HEADER = YES;
				GCC_PREFIX_HEADER = WapPlusDemo_Prefix.pch;
				INFOPLIST_FILE = "WapPlusDemo-Info.plist";
				IPHONEOS_DEPLOYMENT_TARGET = 5.1;
				OTHER_CPLUSPLUSFLAGS = "";
				PRODUCT_NAME = WapPlusDemo;
				SDKROOT = iphoneos5.1;
				TARGETED_DEVICE_FAMILY = "1,2";
				VALIDATE_PRODUCT = YES;
			};
			name = Release;
		};
		C01FCF4F08A954540054247B /* Debug */ = {
			isa = XCBuildConfiguration;
			buildSettings = {
				ARCHS = "$(ARCHS_STANDARD_32_BIT)";
				CODE_SIGN_IDENTITY = "iPhone Distribution: Alexander Klestov";
				"CODE_SIGN_IDENTITY[sdk=*]" = "iPhone Developer";
				GCC_C_LANGUAGE_STANDARD = c99;
				GCC_WARN_ABOUT_RETURN_TYPE = YES;
				GCC_WARN_UNUSED_VARIABLE = YES;
				HEADER_SEARCH_PATHS = /usr/include/libxml2;
				IPHONEOS_DEPLOYMENT_TARGET = 3.0;
				OTHER_LDFLAGS = "-lxml2";
				PREBINDING = NO;
				PROVISIONING_PROFILE = "";
				"PROVISIONING_PROFILE[sdk=*]" = "";
				SDKROOT = iphoneos5.1;
			};
			name = Debug;
		};
		C01FCF5008A954540054247B /* Release */ = {
			isa = XCBuildConfiguration;
			buildSettings = {
				ARCHS = "$(ARCHS_STANDARD_32_BIT)";
				CODE_SIGN_IDENTITY = "iPhone Distribution: Alexander Klestov";
				"CODE_SIGN_IDENTITY[sdk=iphoneos*]" = "iPhone Distribution";
				GCC_C_LANGUAGE_STANDARD = c99;
				GCC_WARN_ABOUT_RETURN_TYPE = YES;
				GCC_WARN_UNUSED_VARIABLE = YES;
				HEADER_SEARCH_PATHS = /usr/include/libxml2;
				IPHONEOS_DEPLOYMENT_TARGET = 3.0;
				OTHER_CFLAGS = "-DNS_BLOCK_ASSERTIONS=1";
				OTHER_LDFLAGS = "-lxml2";
				PREBINDING = NO;
				PROVISIONING_PROFILE = "";
				"PROVISIONING_PROFILE[sdk=iphoneos*]" = "";
				SDKROOT = iphoneos5.1;
			};
			name = Release;
		};
/* End XCBuildConfiguration section */

/* Begin XCConfigurationList section */
		1D6058960D05DD3E006BFB54 /* Build configuration list for PBXNativeTarget "WapPlusDemo" */ = {
			isa = XCConfigurationList;
			buildConfigurations = (
				1D6058940D05DD3E006BFB54 /* Debug */,
				1D6058950D05DD3E006BFB54 /* Release */,
			);
			defaultConfigurationIsVisible = 0;
			defaultConfigurationName = Release;
		};
		C01FCF4E08A954540054247B /* Build configuration list for PBXProject "WapPlusDemo" */ = {
			isa = XCConfigurationList;
			buildConfigurations = (
				C01FCF4F08A954540054247B /* Debug */,
				C01FCF5008A954540054247B /* Release */,
			);
			defaultConfigurationIsVisible = 0;
			defaultConfigurationName = Release;
		};
/* End XCConfigurationList section */
	};
	rootObject = 29B97313FDCFA39411CA2CEA /* Project object */;
}
