// !$*UTF8*$!
{
	archiveVersion = 1;
	classes = {
	};
	objectVersion = 45;
	objects = {

/* Begin PBXBuildFile section */
		1D3623260D0F684500981E51 /* adWhirlAppDelegate.m in Sources */ = {isa = PBXBuildFile; fileRef = 1D3623250D0F684500981E51 /* adWhirlAppDelegate.m */; };
		1D60589B0D05DD56006BFB54 /* main.m in Sources */ = {isa = PBXBuildFile; fileRef = 29B97316FDCFA39411CA2CEA /* main.m */; };
		1D60589F0D05DD5A006BFB54 /* Foundation.framework in Frameworks */ = {isa = PBXBuildFile; fileRef = 1D30AB110D05D00D00671497 /* Foundation.framework */; };
		1DF5F4E00D08C38300B7A737 /* UIKit.framework in Frameworks */ = {isa = PBXBuildFile; fileRef = 1DF5F4DF0D08C38300B7A737 /* UIKit.framework */; };
		288765A50DF7441C002DB57D /* CoreGraphics.framework in Frameworks */ = {isa = PBXBuildFile; fileRef = 288765A40DF7441C002DB57D /* CoreGraphics.framework */; };
		2899E5220DE3E06400AC0155 /* adWhirlViewController.xib in Resources */ = {isa = PBXBuildFile; fileRef = 2899E5210DE3E06400AC0155 /* adWhirlViewController.xib */; };
		28AD733F0D9D9553002E5188 /* MainWindow.xib in Resources */ = {isa = PBXBuildFile; fileRef = 28AD733E0D9D9553002E5188 /* MainWindow.xib */; };
		28D7ACF80DDB3853001CB0EB /* adWhirlViewController.m in Sources */ = {isa = PBXBuildFile; fileRef = 28D7ACF70DDB3853001CB0EB /* adWhirlViewController.m */; };
		CE90E51B129591F200296C53 /* AddressBook.framework in Frameworks */ = {isa = PBXBuildFile; fileRef = CE90E513129591F200296C53 /* AddressBook.framework */; };
		CE90E51C129591F200296C53 /* AudioToolbox.framework in Frameworks */ = {isa = PBXBuildFile; fileRef = CE90E514129591F200296C53 /* AudioToolbox.framework */; };
		CE90E51D129591F200296C53 /* AVFoundation.framework in Frameworks */ = {isa = PBXBuildFile; fileRef = CE90E515129591F200296C53 /* AVFoundation.framework */; };
		CE90E51E129591F200296C53 /* MapKit.framework in Frameworks */ = {isa = PBXBuildFile; fileRef = CE90E516129591F200296C53 /* MapKit.framework */; };
		CE90E51F129591F200296C53 /* MediaPlayer.framework in Frameworks */ = {isa = PBXBuildFile; fileRef = CE90E517129591F200296C53 /* MediaPlayer.framework */; };
		CE90E520129591F200296C53 /* MessageUI.framework in Frameworks */ = {isa = PBXBuildFile; fileRef = CE90E518129591F200296C53 /* MessageUI.framework */; };
		CE90E521129591F200296C53 /* QuartzCore.framework in Frameworks */ = {isa = PBXBuildFile; fileRef = CE90E519129591F200296C53 /* QuartzCore.framework */; };
		CE90E522129591F200296C53 /* SystemConfiguration.framework in Frameworks */ = {isa = PBXBuildFile; fileRef = CE90E51A129591F200296C53 /* SystemConfiguration.framework */; };
		CEA8F2481294D47900699D3C /* wp_banner_background.png in Resources */ = {isa = PBXBuildFile; fileRef = CEA8F2371294D47900699D3C /* wp_banner_background.png */; };
		CEA8F2491294D47900699D3C /* wp_banner_close.png in Resources */ = {isa = PBXBuildFile; fileRef = CEA8F2381294D47900699D3C /* wp_banner_close.png */; };
		CEA8F24A1294D47900699D3C /* wp_banner_shild.png in Resources */ = {isa = PBXBuildFile; fileRef = CEA8F2391294D47900699D3C /* wp_banner_shild.png */; };
		CEA8F3BB1294DDD400699D3C /* CoreLocation.framework in Frameworks */ = {isa = PBXBuildFile; fileRef = CEA8F3BA1294DDD400699D3C /* CoreLocation.framework */; };
		CED8A03215A5EB2200F2AC06 /* MPAdBrowserController.m in Sources */ = {isa = PBXBuildFile; fileRef = CED8A00C15A5EB2200F2AC06 /* MPAdBrowserController.m */; };
		CED8A03315A5EB2200F2AC06 /* MPAdBrowserController.xib in Resources */ = {isa = PBXBuildFile; fileRef = CED8A00D15A5EB2200F2AC06 /* MPAdBrowserController.xib */; };
		CED8A03415A5EB2200F2AC06 /* MPTimer.m in Sources */ = {isa = PBXBuildFile; fileRef = CED8A00F15A5EB2200F2AC06 /* MPTimer.m */; };
		CED8A03515A5EB2200F2AC06 /* LICENSE in Resources */ = {isa = PBXBuildFile; fileRef = CED8A01115A5EB2200F2AC06 /* LICENSE */; };
		CED8A03615A5EB2200F2AC06 /* MRAdView.m in Sources */ = {isa = PBXBuildFile; fileRef = CED8A01415A5EB2200F2AC06 /* MRAdView.m */; };
		CED8A03715A5EB2200F2AC06 /* MRAdViewBrowsingController.m in Sources */ = {isa = PBXBuildFile; fileRef = CED8A01615A5EB2200F2AC06 /* MRAdViewBrowsingController.m */; };
		CED8A03815A5EB2200F2AC06 /* MRAdViewDisplayController.m in Sources */ = {isa = PBXBuildFile; fileRef = CED8A01815A5EB2200F2AC06 /* MRAdViewDisplayController.m */; };
		CED8A03915A5EB2200F2AC06 /* MRCommand.m in Sources */ = {isa = PBXBuildFile; fileRef = CED8A01A15A5EB2200F2AC06 /* MRCommand.m */; };
		CED8A03A15A5EB2200F2AC06 /* MRDimmingView.m in Sources */ = {isa = PBXBuildFile; fileRef = CED8A01C15A5EB2200F2AC06 /* MRDimmingView.m */; };
		CED8A03B15A5EB2200F2AC06 /* MRProperty.m in Sources */ = {isa = PBXBuildFile; fileRef = CED8A01E15A5EB2200F2AC06 /* MRProperty.m */; };
		CED8A03C15A5EB2200F2AC06 /* MRAID.bundle in Resources */ = {isa = PBXBuildFile; fileRef = CED8A01F15A5EB2200F2AC06 /* MRAID.bundle */; };
		CED8A03D15A5EB2200F2AC06 /* NSString+MD5Addition.m in Sources */ = {isa = PBXBuildFile; fileRef = CED8A02115A5EB2200F2AC06 /* NSString+MD5Addition.m */; };
		CED8A03E15A5EB2200F2AC06 /* UIDevice+IdentifierAddition.m in Sources */ = {isa = PBXBuildFile; fileRef = CED8A02315A5EB2200F2AC06 /* UIDevice+IdentifierAddition.m */; };
		CED8A03F15A5EB2200F2AC06 /* WPAdView.m in Sources */ = {isa = PBXBuildFile; fileRef = CED8A02515A5EB2200F2AC06 /* WPAdView.m */; };
		CED8A04015A5EB2200F2AC06 /* WPBannerInfoLoader.m in Sources */ = {isa = PBXBuildFile; fileRef = CED8A02715A5EB2200F2AC06 /* WPBannerInfoLoader.m */; };
		CED8A04115A5EB2200F2AC06 /* WPBannerRequestInfo.m in Sources */ = {isa = PBXBuildFile; fileRef = CED8A02915A5EB2200F2AC06 /* WPBannerRequestInfo.m */; };
		CED8A04215A5EB2200F2AC06 /* WPBannerView.m in Sources */ = {isa = PBXBuildFile; fileRef = CED8A02B15A5EB2200F2AC06 /* WPBannerView.m */; };
		CED8A04315A5EB2200F2AC06 /* WPLocationManager.m in Sources */ = {isa = PBXBuildFile; fileRef = CED8A02D15A5EB2200F2AC06 /* WPLocationManager.m */; };
		CED8A04415A5EB2200F2AC06 /* WPUtils.m in Sources */ = {isa = PBXBuildFile; fileRef = CED8A03115A5EB2200F2AC06 /* WPUtils.m */; };
		CED8A06915A60B6700F2AC06 /* CDataScanner.m in Sources */ = {isa = PBXBuildFile; fileRef = CED8A05415A60B6700F2AC06 /* CDataScanner.m */; };
		CED8A06A15A60B6700F2AC06 /* CDataScanner_Extensions.m in Sources */ = {isa = PBXBuildFile; fileRef = CED8A05715A60B6700F2AC06 /* CDataScanner_Extensions.m */; };
		CED8A06B15A60B6700F2AC06 /* NSCharacterSet_Extensions.m in Sources */ = {isa = PBXBuildFile; fileRef = CED8A05915A60B6700F2AC06 /* NSCharacterSet_Extensions.m */; };
		CED8A06C15A60B6700F2AC06 /* NSDictionary_JSONExtensions.m in Sources */ = {isa = PBXBuildFile; fileRef = CED8A05B15A60B6700F2AC06 /* NSDictionary_JSONExtensions.m */; };
		CED8A06D15A60B6700F2AC06 /* NSScanner_Extensions.m in Sources */ = {isa = PBXBuildFile; fileRef = CED8A05D15A60B6700F2AC06 /* NSScanner_Extensions.m */; };
		CED8A06E15A60B6700F2AC06 /* CJSONDataSerializer.m in Sources */ = {isa = PBXBuildFile; fileRef = CED8A06015A60B6700F2AC06 /* CJSONDataSerializer.m */; };
		CED8A06F15A60B6700F2AC06 /* CJSONDeserializer.m in Sources */ = {isa = PBXBuildFile; fileRef = CED8A06215A60B6700F2AC06 /* CJSONDeserializer.m */; };
		CED8A07015A60B6700F2AC06 /* CJSONScanner.m in Sources */ = {isa = PBXBuildFile; fileRef = CED8A06415A60B6700F2AC06 /* CJSONScanner.m */; };
		CED8A07115A60B6700F2AC06 /* CJSONSerializer.m in Sources */ = {isa = PBXBuildFile; fileRef = CED8A06615A60B6700F2AC06 /* CJSONSerializer.m */; };
		CED8A07215A60B6700F2AC06 /* CSerializedJSONData.m in Sources */ = {isa = PBXBuildFile; fileRef = CED8A06815A60B6700F2AC06 /* CSerializedJSONData.m */; };
		CEE2448913D038FA00184AE9 /* AdWhirlAdapterCustom.m in Sources */ = {isa = PBXBuildFile; fileRef = CEE2445613D038FA00184AE9 /* AdWhirlAdapterCustom.m */; };
		CEE2448A13D038FA00184AE9 /* AdWhirlAdapterEvent.m in Sources */ = {isa = PBXBuildFile; fileRef = CEE2445813D038FA00184AE9 /* AdWhirlAdapterEvent.m */; };
		CEE2448B13D038FA00184AE9 /* AdWhirlAdapterGeneric.m in Sources */ = {isa = PBXBuildFile; fileRef = CEE2445A13D038FA00184AE9 /* AdWhirlAdapterGeneric.m */; };
		CEE2448C13D038FA00184AE9 /* AdWhirlAdNetworkAdapter+Helpers.m in Sources */ = {isa = PBXBuildFile; fileRef = CEE2445C13D038FA00184AE9 /* AdWhirlAdNetworkAdapter+Helpers.m */; };
		CEE2448D13D038FA00184AE9 /* AdWhirlAdNetworkAdapter.m in Sources */ = {isa = PBXBuildFile; fileRef = CEE2445D13D038FA00184AE9 /* AdWhirlAdNetworkAdapter.m */; };
		CEE2448E13D038FA00184AE9 /* AdWhirlAdNetworkConfig.m in Sources */ = {isa = PBXBuildFile; fileRef = CEE2445F13D038FA00184AE9 /* AdWhirlAdNetworkConfig.m */; };
		CEE2448F13D038FA00184AE9 /* AdWhirlAdNetworkRegistry.m in Sources */ = {isa = PBXBuildFile; fileRef = CEE2446113D038FA00184AE9 /* AdWhirlAdNetworkRegistry.m */; };
		CEE2449013D038FA00184AE9 /* AdWhirlClassWrapper.m in Sources */ = {isa = PBXBuildFile; fileRef = CEE2446313D038FA00184AE9 /* AdWhirlClassWrapper.m */; };
		CEE2449113D038FA00184AE9 /* AdWhirlConfig.m in Sources */ = {isa = PBXBuildFile; fileRef = CEE2446513D038FA00184AE9 /* AdWhirlConfig.m */; };
		CEE2449213D038FA00184AE9 /* AdWhirlConfigStore.m in Sources */ = {isa = PBXBuildFile; fileRef = CEE2446713D038FA00184AE9 /* AdWhirlConfigStore.m */; };
		CEE2449313D038FA00184AE9 /* AdWhirlCustomAdView.m in Sources */ = {isa = PBXBuildFile; fileRef = CEE2446913D038FA00184AE9 /* AdWhirlCustomAdView.m */; };
		CEE2449413D038FA00184AE9 /* AdWhirlError.m in Sources */ = {isa = PBXBuildFile; fileRef = CEE2446B13D038FA00184AE9 /* AdWhirlError.m */; };
		CEE2449513D038FA00184AE9 /* AdWhirlLog.m in Sources */ = {isa = PBXBuildFile; fileRef = CEE2446D13D038FA00184AE9 /* AdWhirlLog.m */; };
		CEE2449613D038FA00184AE9 /* AdWhirlView.m in Sources */ = {isa = PBXBuildFile; fileRef = CEE2446F13D038FA00184AE9 /* AdWhirlView.m */; };
		CEE2449713D038FA00184AE9 /* AdWhirlWebBrowser.xib in Resources */ = {isa = PBXBuildFile; fileRef = CEE2447013D038FA00184AE9 /* AdWhirlWebBrowser.xib */; };
		CEE2449813D038FA00184AE9 /* AdWhirlWebBrowserController.m in Sources */ = {isa = PBXBuildFile; fileRef = CEE2447213D038FA00184AE9 /* AdWhirlWebBrowserController.m */; };
		CEE2449913D038FA00184AE9 /* ARRollerView.m in Sources */ = {isa = PBXBuildFile; fileRef = CEE2447313D038FA00184AE9 /* ARRollerView.m */; };
		CEE2449A13D038FA00184AE9 /* AWNetworkReachabilityWrapper.m in Sources */ = {isa = PBXBuildFile; fileRef = CEE2447613D038FA00184AE9 /* AWNetworkReachabilityWrapper.m */; };
		CEE2449B13D038FA00184AE9 /* UIColor+AdWhirlConfig.m in Sources */ = {isa = PBXBuildFile; fileRef = CEE2447813D038FA00184AE9 /* UIColor+AdWhirlConfig.m */; };
/* End PBXBuildFile section */

/* Begin PBXFileReference section */
		1D30AB110D05D00D00671497 /* Foundation.framework */ = {isa = PBXFileReference; lastKnownFileType = wrapper.framework; name = Foundation.framework; path = System/Library/Frameworks/Foundation.framework; sourceTree = SDKROOT; };
		1D3623240D0F684500981E51 /* adWhirlAppDelegate.h */ = {isa = PBXFileReference; fileEncoding = 4; lastKnownFileType = sourcecode.c.h; path = adWhirlAppDelegate.h; sourceTree = "<group>"; };
		1D3623250D0F684500981E51 /* adWhirlAppDelegate.m */ = {isa = PBXFileReference; fileEncoding = 4; lastKnownFileType = sourcecode.c.objc; path = adWhirlAppDelegate.m; sourceTree = "<group>"; };
		1D6058910D05DD3D006BFB54 /* adWhirl.app */ = {isa = PBXFileReference; explicitFileType = wrapper.application; includeInIndex = 0; path = adWhirl.app; sourceTree = BUILT_PRODUCTS_DIR; };
		1DF5F4DF0D08C38300B7A737 /* UIKit.framework */ = {isa = PBXFileReference; lastKnownFileType = wrapper.framework; name = UIKit.framework; path = System/Library/Frameworks/UIKit.framework; sourceTree = SDKROOT; };
		288765A40DF7441C002DB57D /* CoreGraphics.framework */ = {isa = PBXFileReference; lastKnownFileType = wrapper.framework; name = CoreGraphics.framework; path = System/Library/Frameworks/CoreGraphics.framework; sourceTree = SDKROOT; };
		2899E5210DE3E06400AC0155 /* adWhirlViewController.xib */ = {isa = PBXFileReference; lastKnownFileType = file.xib; path = adWhirlViewController.xib; sourceTree = "<group>"; };
		28AD733E0D9D9553002E5188 /* MainWindow.xib */ = {isa = PBXFileReference; lastKnownFileType = file.xib; path = MainWindow.xib; sourceTree = "<group>"; };
		28D7ACF60DDB3853001CB0EB /* adWhirlViewController.h */ = {isa = PBXFileReference; fileEncoding = 4; lastKnownFileType = sourcecode.c.h; path = adWhirlViewController.h; sourceTree = "<group>"; };
		28D7ACF70DDB3853001CB0EB /* adWhirlViewController.m */ = {isa = PBXFileReference; fileEncoding = 4; lastKnownFileType = sourcecode.c.objc; path = adWhirlViewController.m; sourceTree = "<group>"; };
		29B97316FDCFA39411CA2CEA /* main.m */ = {isa = PBXFileReference; fileEncoding = 4; lastKnownFileType = sourcecode.c.objc; path = main.m; sourceTree = "<group>"; };
		32CA4F630368D1EE00C91783 /* adWhirl_Prefix.pch */ = {isa = PBXFileReference; fileEncoding = 4; lastKnownFileType = sourcecode.c.h; path = adWhirl_Prefix.pch; sourceTree = "<group>"; };
		8D1107310486CEB800E47090 /* adWhirl-Info.plist */ = {isa = PBXFileReference; fileEncoding = 4; lastKnownFileType = text.plist.xml; path = "adWhirl-Info.plist"; plistStructureDefinitionIdentifier = "com.apple.xcode.plist.structure-definition.iphone.info-plist"; sourceTree = "<group>"; };
		CE90E513129591F200296C53 /* AddressBook.framework */ = {isa = PBXFileReference; lastKnownFileType = wrapper.framework; name = AddressBook.framework; path = System/Library/Frameworks/AddressBook.framework; sourceTree = SDKROOT; };
		CE90E514129591F200296C53 /* AudioToolbox.framework */ = {isa = PBXFileReference; lastKnownFileType = wrapper.framework; name = AudioToolbox.framework; path = System/Library/Frameworks/AudioToolbox.framework; sourceTree = SDKROOT; };
		CE90E515129591F200296C53 /* AVFoundation.framework */ = {isa = PBXFileReference; lastKnownFileType = wrapper.framework; name = AVFoundation.framework; path = System/Library/Frameworks/AVFoundation.framework; sourceTree = SDKROOT; };
		CE90E516129591F200296C53 /* MapKit.framework */ = {isa = PBXFileReference; lastKnownFileType = wrapper.framework; name = MapKit.framework; path = System/Library/Frameworks/MapKit.framework; sourceTree = SDKROOT; };
		CE90E517129591F200296C53 /* MediaPlayer.framework */ = {isa = PBXFileReference; lastKnownFileType = wrapper.framework; name = MediaPlayer.framework; path = System/Library/Frameworks/MediaPlayer.framework; sourceTree = SDKROOT; };
		CE90E518129591F200296C53 /* MessageUI.framework */ = {isa = PBXFileReference; lastKnownFileType = wrapper.framework; name = MessageUI.framework; path = System/Library/Frameworks/MessageUI.framework; sourceTree = SDKROOT; };
		CE90E519129591F200296C53 /* QuartzCore.framework */ = {isa = PBXFileReference; lastKnownFileType = wrapper.framework; name = QuartzCore.framework; path = System/Library/Frameworks/QuartzCore.framework; sourceTree = SDKROOT; };
		CE90E51A129591F200296C53 /* SystemConfiguration.framework */ = {isa = PBXFileReference; lastKnownFileType = wrapper.framework; name = SystemConfiguration.framework; path = System/Library/Frameworks/SystemConfiguration.framework; sourceTree = SDKROOT; };
		CEA8F2371294D47900699D3C /* wp_banner_background.png */ = {isa = PBXFileReference; lastKnownFileType = image.png; name = wp_banner_background.png; path = ../SDK/resources/wp_banner_background.png; sourceTree = "<group>"; };
		CEA8F2381294D47900699D3C /* wp_banner_close.png */ = {isa = PBXFileReference; lastKnownFileType = image.png; name = wp_banner_close.png; path = ../SDK/resources/wp_banner_close.png; sourceTree = "<group>"; };
		CEA8F2391294D47900699D3C /* wp_banner_shild.png */ = {isa = PBXFileReference; lastKnownFileType = image.png; name = wp_banner_shild.png; path = ../SDK/resources/wp_banner_shild.png; sourceTree = "<group>"; };
		CEA8F3BA1294DDD400699D3C /* CoreLocation.framework */ = {isa = PBXFileReference; lastKnownFileType = wrapper.framework; name = CoreLocation.framework; path = System/Library/Frameworks/CoreLocation.framework; sourceTree = SDKROOT; };
		CED8A00B15A5EB2200F2AC06 /* MPAdBrowserController.h */ = {isa = PBXFileReference; fileEncoding = 4; lastKnownFileType = sourcecode.c.h; path = MPAdBrowserController.h; sourceTree = "<group>"; };
		CED8A00C15A5EB2200F2AC06 /* MPAdBrowserController.m */ = {isa = PBXFileReference; fileEncoding = 4; lastKnownFileType = sourcecode.c.objc; path = MPAdBrowserController.m; sourceTree = "<group>"; };
		CED8A00D15A5EB2200F2AC06 /* MPAdBrowserController.xib */ = {isa = PBXFileReference; fileEncoding = 4; lastKnownFileType = file.xib; path = MPAdBrowserController.xib; sourceTree = "<group>"; };
		CED8A00E15A5EB2200F2AC06 /* MPTimer.h */ = {isa = PBXFileReference; fileEncoding = 4; lastKnownFileType = sourcecode.c.h; path = MPTimer.h; sourceTree = "<group>"; };
		CED8A00F15A5EB2200F2AC06 /* MPTimer.m */ = {isa = PBXFileReference; fileEncoding = 4; lastKnownFileType = sourcecode.c.objc; path = MPTimer.m; sourceTree = "<group>"; };
		CED8A01115A5EB2200F2AC06 /* LICENSE */ = {isa = PBXFileReference; fileEncoding = 4; lastKnownFileType = text; path = LICENSE; sourceTree = "<group>"; };
		CED8A01215A5EB2200F2AC06 /* MRAdView+Controllers.h */ = {isa = PBXFileReference; fileEncoding = 4; lastKnownFileType = sourcecode.c.h; path = "MRAdView+Controllers.h"; sourceTree = "<group>"; };
		CED8A01315A5EB2200F2AC06 /* MRAdView.h */ = {isa = PBXFileReference; fileEncoding = 4; lastKnownFileType = sourcecode.c.h; path = MRAdView.h; sourceTree = "<group>"; };
		CED8A01415A5EB2200F2AC06 /* MRAdView.m */ = {isa = PBXFileReference; fileEncoding = 4; lastKnownFileType = sourcecode.c.objc; path = MRAdView.m; sourceTree = "<group>"; };
		CED8A01515A5EB2200F2AC06 /* MRAdViewBrowsingController.h */ = {isa = PBXFileReference; fileEncoding = 4; lastKnownFileType = sourcecode.c.h; path = MRAdViewBrowsingController.h; sourceTree = "<group>"; };
		CED8A01615A5EB2200F2AC06 /* MRAdViewBrowsingController.m */ = {isa = PBXFileReference; fileEncoding = 4; lastKnownFileType = sourcecode.c.objc; path = MRAdViewBrowsingController.m; sourceTree = "<group>"; };
		CED8A01715A5EB2200F2AC06 /* MRAdViewDisplayController.h */ = {isa = PBXFileReference; fileEncoding = 4; lastKnownFileType = sourcecode.c.h; path = MRAdViewDisplayController.h; sourceTree = "<group>"; };
		CED8A01815A5EB2200F2AC06 /* MRAdViewDisplayController.m */ = {isa = PBXFileReference; fileEncoding = 4; lastKnownFileType = sourcecode.c.objc; path = MRAdViewDisplayController.m; sourceTree = "<group>"; };
		CED8A01915A5EB2200F2AC06 /* MRCommand.h */ = {isa = PBXFileReference; fileEncoding = 4; lastKnownFileType = sourcecode.c.h; path = MRCommand.h; sourceTree = "<group>"; };
		CED8A01A15A5EB2200F2AC06 /* MRCommand.m */ = {isa = PBXFileReference; fileEncoding = 4; lastKnownFileType = sourcecode.c.objc; path = MRCommand.m; sourceTree = "<group>"; };
		CED8A01B15A5EB2200F2AC06 /* MRDimmingView.h */ = {isa = PBXFileReference; fileEncoding = 4; lastKnownFileType = sourcecode.c.h; path = MRDimmingView.h; sourceTree = "<group>"; };
		CED8A01C15A5EB2200F2AC06 /* MRDimmingView.m */ = {isa = PBXFileReference; fileEncoding = 4; lastKnownFileType = sourcecode.c.objc; path = MRDimmingView.m; sourceTree = "<group>"; };
		CED8A01D15A5EB2200F2AC06 /* MRProperty.h */ = {isa = PBXFileReference; fileEncoding = 4; lastKnownFileType = sourcecode.c.h; path = MRProperty.h; sourceTree = "<group>"; };
		CED8A01E15A5EB2200F2AC06 /* MRProperty.m */ = {isa = PBXFileReference; fileEncoding = 4; lastKnownFileType = sourcecode.c.objc; path = MRProperty.m; sourceTree = "<group>"; };
		CED8A01F15A5EB2200F2AC06 /* MRAID.bundle */ = {isa = PBXFileReference; lastKnownFileType = "wrapper.plug-in"; path = MRAID.bundle; sourceTree = "<group>"; };
		CED8A02015A5EB2200F2AC06 /* NSString+MD5Addition.h */ = {isa = PBXFileReference; fileEncoding = 4; lastKnownFileType = sourcecode.c.h; path = "NSString+MD5Addition.h"; sourceTree = "<group>"; };
		CED8A02115A5EB2200F2AC06 /* NSString+MD5Addition.m */ = {isa = PBXFileReference; fileEncoding = 4; lastKnownFileType = sourcecode.c.objc; path = "NSString+MD5Addition.m"; sourceTree = "<group>"; };
		CED8A02215A5EB2200F2AC06 /* UIDevice+IdentifierAddition.h */ = {isa = PBXFileReference; fileEncoding = 4; lastKnownFileType = sourcecode.c.h; path = "UIDevice+IdentifierAddition.h"; sourceTree = "<group>"; };
		CED8A02315A5EB2200F2AC06 /* UIDevice+IdentifierAddition.m */ = {isa = PBXFileReference; fileEncoding = 4; lastKnownFileType = sourcecode.c.objc; path = "UIDevice+IdentifierAddition.m"; sourceTree = "<group>"; };
		CED8A02415A5EB2200F2AC06 /* WPAdView.h */ = {isa = PBXFileReference; fileEncoding = 4; lastKnownFileType = sourcecode.c.h; path = WPAdView.h; sourceTree = "<group>"; };
		CED8A02515A5EB2200F2AC06 /* WPAdView.m */ = {isa = PBXFileReference; fileEncoding = 4; lastKnownFileType = sourcecode.c.objc; path = WPAdView.m; sourceTree = "<group>"; };
		CED8A02615A5EB2200F2AC06 /* WPBannerInfoLoader.h */ = {isa = PBXFileReference; fileEncoding = 4; lastKnownFileType = sourcecode.c.h; path = WPBannerInfoLoader.h; sourceTree = "<group>"; };
		CED8A02715A5EB2200F2AC06 /* WPBannerInfoLoader.m */ = {isa = PBXFileReference; fileEncoding = 4; lastKnownFileType = sourcecode.c.objc; path = WPBannerInfoLoader.m; sourceTree = "<group>"; };
		CED8A02815A5EB2200F2AC06 /* WPBannerRequestInfo.h */ = {isa = PBXFileReference; fileEncoding = 4; lastKnownFileType = sourcecode.c.h; path = WPBannerRequestInfo.h; sourceTree = "<group>"; };
		CED8A02915A5EB2200F2AC06 /* WPBannerRequestInfo.m */ = {isa = PBXFileReference; fileEncoding = 4; lastKnownFileType = sourcecode.c.objc; path = WPBannerRequestInfo.m; sourceTree = "<group>"; };
		CED8A02A15A5EB2200F2AC06 /* WPBannerView.h */ = {isa = PBXFileReference; fileEncoding = 4; lastKnownFileType = sourcecode.c.h; path = WPBannerView.h; sourceTree = "<group>"; };
		CED8A02B15A5EB2200F2AC06 /* WPBannerView.m */ = {isa = PBXFileReference; fileEncoding = 4; lastKnownFileType = sourcecode.c.objc; path = WPBannerView.m; sourceTree = "<group>"; };
		CED8A02C15A5EB2200F2AC06 /* WPLocationManager.h */ = {isa = PBXFileReference; fileEncoding = 4; lastKnownFileType = sourcecode.c.h; path = WPLocationManager.h; sourceTree = "<group>"; };
		CED8A02D15A5EB2200F2AC06 /* WPLocationManager.m */ = {isa = PBXFileReference; fileEncoding = 4; lastKnownFileType = sourcecode.c.objc; path = WPLocationManager.m; sourceTree = "<group>"; };
		CED8A02E15A5EB2200F2AC06 /* WPLogging.h */ = {isa = PBXFileReference; fileEncoding = 4; lastKnownFileType = sourcecode.c.h; path = WPLogging.h; sourceTree = "<group>"; };
		CED8A02F15A5EB2200F2AC06 /* WPTypes.h */ = {isa = PBXFileReference; fileEncoding = 4; lastKnownFileType = sourcecode.c.h; path = WPTypes.h; sourceTree = "<group>"; };
		CED8A03015A5EB2200F2AC06 /* WPUtils.h */ = {isa = PBXFileReference; fileEncoding = 4; lastKnownFileType = sourcecode.c.h; path = WPUtils.h; sourceTree = "<group>"; };
		CED8A03115A5EB2200F2AC06 /* WPUtils.m */ = {isa = PBXFileReference; fileEncoding = 4; lastKnownFileType = sourcecode.c.objc; path = WPUtils.m; sourceTree = "<group>"; };
		CED8A05315A60B6700F2AC06 /* CDataScanner.h */ = {isa = PBXFileReference; fileEncoding = 4; lastKnownFileType = sourcecode.c.h; path = CDataScanner.h; sourceTree = "<group>"; };
		CED8A05415A60B6700F2AC06 /* CDataScanner.m */ = {isa = PBXFileReference; fileEncoding = 4; lastKnownFileType = sourcecode.c.objc; path = CDataScanner.m; sourceTree = "<group>"; };
		CED8A05615A60B6700F2AC06 /* CDataScanner_Extensions.h */ = {isa = PBXFileReference; fileEncoding = 4; lastKnownFileType = sourcecode.c.h; path = CDataScanner_Extensions.h; sourceTree = "<group>"; };
		CED8A05715A60B6700F2AC06 /* CDataScanner_Extensions.m */ = {isa = PBXFileReference; fileEncoding = 4; lastKnownFileType = sourcecode.c.objc; path = CDataScanner_Extensions.m; sourceTree = "<group>"; };
		CED8A05815A60B6700F2AC06 /* NSCharacterSet_Extensions.h */ = {isa = PBXFileReference; fileEncoding = 4; lastKnownFileType = sourcecode.c.h; path = NSCharacterSet_Extensions.h; sourceTree = "<group>"; };
		CED8A05915A60B6700F2AC06 /* NSCharacterSet_Extensions.m */ = {isa = PBXFileReference; fileEncoding = 4; lastKnownFileType = sourcecode.c.objc; path = NSCharacterSet_Extensions.m; sourceTree = "<group>"; };
		CED8A05A15A60B6700F2AC06 /* NSDictionary_JSONExtensions.h */ = {isa = PBXFileReference; fileEncoding = 4; lastKnownFileType = sourcecode.c.h; path = NSDictionary_JSONExtensions.h; sourceTree = "<group>"; };
		CED8A05B15A60B6700F2AC06 /* NSDictionary_JSONExtensions.m */ = {isa = PBXFileReference; fileEncoding = 4; lastKnownFileType = sourcecode.c.objc; path = NSDictionary_JSONExtensions.m; sourceTree = "<group>"; };
		CED8A05C15A60B6700F2AC06 /* NSScanner_Extensions.h */ = {isa = PBXFileReference; fileEncoding = 4; lastKnownFileType = sourcecode.c.h; path = NSScanner_Extensions.h; sourceTree = "<group>"; };
		CED8A05D15A60B6700F2AC06 /* NSScanner_Extensions.m */ = {isa = PBXFileReference; fileEncoding = 4; lastKnownFileType = sourcecode.c.objc; path = NSScanner_Extensions.m; sourceTree = "<group>"; };
		CED8A05F15A60B6700F2AC06 /* CJSONDataSerializer.h */ = {isa = PBXFileReference; fileEncoding = 4; lastKnownFileType = sourcecode.c.h; path = CJSONDataSerializer.h; sourceTree = "<group>"; };
		CED8A06015A60B6700F2AC06 /* CJSONDataSerializer.m */ = {isa = PBXFileReference; fileEncoding = 4; lastKnownFileType = sourcecode.c.objc; path = CJSONDataSerializer.m; sourceTree = "<group>"; };
		CED8A06115A60B6700F2AC06 /* CJSONDeserializer.h */ = {isa = PBXFileReference; fileEncoding = 4; lastKnownFileType = sourcecode.c.h; path = CJSONDeserializer.h; sourceTree = "<group>"; };
		CED8A06215A60B6700F2AC06 /* CJSONDeserializer.m */ = {isa = PBXFileReference; fileEncoding = 4; lastKnownFileType = sourcecode.c.objc; path = CJSONDeserializer.m; sourceTree = "<group>"; };
		CED8A06315A60B6700F2AC06 /* CJSONScanner.h */ = {isa = PBXFileReference; fileEncoding = 4; lastKnownFileType = sourcecode.c.h; path = CJSONScanner.h; sourceTree = "<group>"; };
		CED8A06415A60B6700F2AC06 /* CJSONScanner.m */ = {isa = PBXFileReference; fileEncoding = 4; lastKnownFileType = sourcecode.c.objc; path = CJSONScanner.m; sourceTree = "<group>"; };
		CED8A06515A60B6700F2AC06 /* CJSONSerializer.h */ = {isa = PBXFileReference; fileEncoding = 4; lastKnownFileType = sourcecode.c.h; path = CJSONSerializer.h; sourceTree = "<group>"; };
		CED8A06615A60B6700F2AC06 /* CJSONSerializer.m */ = {isa = PBXFileReference; fileEncoding = 4; lastKnownFileType = sourcecode.c.objc; path = CJSONSerializer.m; sourceTree = "<group>"; };
		CED8A06715A60B6700F2AC06 /* CSerializedJSONData.h */ = {isa = PBXFileReference; fileEncoding = 4; lastKnownFileType = sourcecode.c.h; path = CSerializedJSONData.h; sourceTree = "<group>"; };
		CED8A06815A60B6700F2AC06 /* CSerializedJSONData.m */ = {isa = PBXFileReference; fileEncoding = 4; lastKnownFileType = sourcecode.c.objc; path = CSerializedJSONData.m; sourceTree = "<group>"; };
		CEE2445213D038FA00184AE9 /* AdWhirlDelegateProtocol.h */ = {isa = PBXFileReference; fileEncoding = 4; lastKnownFileType = sourcecode.c.h; path = AdWhirlDelegateProtocol.h; sourceTree = "<group>"; };
		CEE2445313D038FA00184AE9 /* AdWhirlView.h */ = {isa = PBXFileReference; fileEncoding = 4; lastKnownFileType = sourcecode.c.h; path = AdWhirlView.h; sourceTree = "<group>"; };
		CEE2445513D038FA00184AE9 /* AdWhirlAdapterCustom.h */ = {isa = PBXFileReference; fileEncoding = 4; lastKnownFileType = sourcecode.c.h; path = AdWhirlAdapterCustom.h; sourceTree = "<group>"; };
		CEE2445613D038FA00184AE9 /* AdWhirlAdapterCustom.m */ = {isa = PBXFileReference; fileEncoding = 4; lastKnownFileType = sourcecode.c.objc; path = AdWhirlAdapterCustom.m; sourceTree = "<group>"; };
		CEE2445713D038FA00184AE9 /* AdWhirlAdapterEvent.h */ = {isa = PBXFileReference; fileEncoding = 4; lastKnownFileType = sourcecode.c.h; path = AdWhirlAdapterEvent.h; sourceTree = "<group>"; };
		CEE2445813D038FA00184AE9 /* AdWhirlAdapterEvent.m */ = {isa = PBXFileReference; fileEncoding = 4; lastKnownFileType = sourcecode.c.objc; path = AdWhirlAdapterEvent.m; sourceTree = "<group>"; };
		CEE2445913D038FA00184AE9 /* AdWhirlAdapterGeneric.h */ = {isa = PBXFileReference; fileEncoding = 4; lastKnownFileType = sourcecode.c.h; path = AdWhirlAdapterGeneric.h; sourceTree = "<group>"; };
		CEE2445A13D038FA00184AE9 /* AdWhirlAdapterGeneric.m */ = {isa = PBXFileReference; fileEncoding = 4; lastKnownFileType = sourcecode.c.objc; path = AdWhirlAdapterGeneric.m; sourceTree = "<group>"; };
		CEE2445B13D038FA00184AE9 /* AdWhirlAdNetworkAdapter+Helpers.h */ = {isa = PBXFileReference; fileEncoding = 4; lastKnownFileType = sourcecode.c.h; path = "AdWhirlAdNetworkAdapter+Helpers.h"; sourceTree = "<group>"; };
		CEE2445C13D038FA00184AE9 /* AdWhirlAdNetworkAdapter+Helpers.m */ = {isa = PBXFileReference; fileEncoding = 4; lastKnownFileType = sourcecode.c.objc; path = "AdWhirlAdNetworkAdapter+Helpers.m"; sourceTree = "<group>"; };
		CEE2445D13D038FA00184AE9 /* AdWhirlAdNetworkAdapter.m */ = {isa = PBXFileReference; fileEncoding = 4; lastKnownFileType = sourcecode.c.objc; path = AdWhirlAdNetworkAdapter.m; sourceTree = "<group>"; };
		CEE2445E13D038FA00184AE9 /* AdWhirlAdNetworkConfig.h */ = {isa = PBXFileReference; fileEncoding = 4; lastKnownFileType = sourcecode.c.h; path = AdWhirlAdNetworkConfig.h; sourceTree = "<group>"; };
		CEE2445F13D038FA00184AE9 /* AdWhirlAdNetworkConfig.m */ = {isa = PBXFileReference; fileEncoding = 4; lastKnownFileType = sourcecode.c.objc; path = AdWhirlAdNetworkConfig.m; sourceTree = "<group>"; };
		CEE2446013D038FA00184AE9 /* AdWhirlAdNetworkRegistry.h */ = {isa = PBXFileReference; fileEncoding = 4; lastKnownFileType = sourcecode.c.h; path = AdWhirlAdNetworkRegistry.h; sourceTree = "<group>"; };
		CEE2446113D038FA00184AE9 /* AdWhirlAdNetworkRegistry.m */ = {isa = PBXFileReference; fileEncoding = 4; lastKnownFileType = sourcecode.c.objc; path = AdWhirlAdNetworkRegistry.m; sourceTree = "<group>"; };
		CEE2446213D038FA00184AE9 /* AdWhirlClassWrapper.h */ = {isa = PBXFileReference; fileEncoding = 4; lastKnownFileType = sourcecode.c.h; path = AdWhirlClassWrapper.h; sourceTree = "<group>"; };
		CEE2446313D038FA00184AE9 /* AdWhirlClassWrapper.m */ = {isa = PBXFileReference; fileEncoding = 4; lastKnownFileType = sourcecode.c.objc; path = AdWhirlClassWrapper.m; sourceTree = "<group>"; };
		CEE2446413D038FA00184AE9 /* AdWhirlConfig.h */ = {isa = PBXFileReference; fileEncoding = 4; lastKnownFileType = sourcecode.c.h; path = AdWhirlConfig.h; sourceTree = "<group>"; };
		CEE2446513D038FA00184AE9 /* AdWhirlConfig.m */ = {isa = PBXFileReference; fileEncoding = 4; lastKnownFileType = sourcecode.c.objc; path = AdWhirlConfig.m; sourceTree = "<group>"; };
		CEE2446613D038FA00184AE9 /* AdWhirlConfigStore.h */ = {isa = PBXFileReference; fileEncoding = 4; lastKnownFileType = sourcecode.c.h; path = AdWhirlConfigStore.h; sourceTree = "<group>"; };
		CEE2446713D038FA00184AE9 /* AdWhirlConfigStore.m */ = {isa = PBXFileReference; fileEncoding = 4; lastKnownFileType = sourcecode.c.objc; path = AdWhirlConfigStore.m; sourceTree = "<group>"; };
		CEE2446813D038FA00184AE9 /* AdWhirlCustomAdView.h */ = {isa = PBXFileReference; fileEncoding = 4; lastKnownFileType = sourcecode.c.h; path = AdWhirlCustomAdView.h; sourceTree = "<group>"; };
		CEE2446913D038FA00184AE9 /* AdWhirlCustomAdView.m */ = {isa = PBXFileReference; fileEncoding = 4; lastKnownFileType = sourcecode.c.objc; path = AdWhirlCustomAdView.m; sourceTree = "<group>"; };
		CEE2446A13D038FA00184AE9 /* AdWhirlError.h */ = {isa = PBXFileReference; fileEncoding = 4; lastKnownFileType = sourcecode.c.h; path = AdWhirlError.h; sourceTree = "<group>"; };
		CEE2446B13D038FA00184AE9 /* AdWhirlError.m */ = {isa = PBXFileReference; fileEncoding = 4; lastKnownFileType = sourcecode.c.objc; path = AdWhirlError.m; sourceTree = "<group>"; };
		CEE2446C13D038FA00184AE9 /* AdWhirlLog.h */ = {isa = PBXFileReference; fileEncoding = 4; lastKnownFileType = sourcecode.c.h; path = AdWhirlLog.h; sourceTree = "<group>"; };
		CEE2446D13D038FA00184AE9 /* AdWhirlLog.m */ = {isa = PBXFileReference; fileEncoding = 4; lastKnownFileType = sourcecode.c.objc; path = AdWhirlLog.m; sourceTree = "<group>"; };
		CEE2446E13D038FA00184AE9 /* AdWhirlView+.h */ = {isa = PBXFileReference; fileEncoding = 4; lastKnownFileType = sourcecode.c.h; path = "AdWhirlView+.h"; sourceTree = "<group>"; };
		CEE2446F13D038FA00184AE9 /* AdWhirlView.m */ = {isa = PBXFileReference; fileEncoding = 4; lastKnownFileType = sourcecode.c.objc; path = AdWhirlView.m; sourceTree = "<group>"; };
		CEE2447013D038FA00184AE9 /* AdWhirlWebBrowser.xib */ = {isa = PBXFileReference; fileEncoding = 4; lastKnownFileType = file.xib; path = AdWhirlWebBrowser.xib; sourceTree = "<group>"; };
		CEE2447113D038FA00184AE9 /* AdWhirlWebBrowserController.h */ = {isa = PBXFileReference; fileEncoding = 4; lastKnownFileType = sourcecode.c.h; path = AdWhirlWebBrowserController.h; sourceTree = "<group>"; };
		CEE2447213D038FA00184AE9 /* AdWhirlWebBrowserController.m */ = {isa = PBXFileReference; fileEncoding = 4; lastKnownFileType = sourcecode.c.objc; path = AdWhirlWebBrowserController.m; sourceTree = "<group>"; };
		CEE2447313D038FA00184AE9 /* ARRollerView.m */ = {isa = PBXFileReference; fileEncoding = 4; lastKnownFileType = sourcecode.c.objc; path = ARRollerView.m; sourceTree = "<group>"; };
		CEE2447413D038FA00184AE9 /* AWNetworkReachabilityDelegate.h */ = {isa = PBXFileReference; fileEncoding = 4; lastKnownFileType = sourcecode.c.h; path = AWNetworkReachabilityDelegate.h; sourceTree = "<group>"; };
		CEE2447513D038FA00184AE9 /* AWNetworkReachabilityWrapper.h */ = {isa = PBXFileReference; fileEncoding = 4; lastKnownFileType = sourcecode.c.h; path = AWNetworkReachabilityWrapper.h; sourceTree = "<group>"; };
		CEE2447613D038FA00184AE9 /* AWNetworkReachabilityWrapper.m */ = {isa = PBXFileReference; fileEncoding = 4; lastKnownFileType = sourcecode.c.objc; path = AWNetworkReachabilityWrapper.m; sourceTree = "<group>"; };
		CEE2447713D038FA00184AE9 /* UIColor+AdWhirlConfig.h */ = {isa = PBXFileReference; fileEncoding = 4; lastKnownFileType = sourcecode.c.h; path = "UIColor+AdWhirlConfig.h"; sourceTree = "<group>"; };
		CEE2447813D038FA00184AE9 /* UIColor+AdWhirlConfig.m */ = {isa = PBXFileReference; fileEncoding = 4; lastKnownFileType = sourcecode.c.objc; path = "UIColor+AdWhirlConfig.m"; sourceTree = "<group>"; };
		CEE2447A13D038FA00184AE9 /* ARRollerProtocol.h */ = {isa = PBXFileReference; fileEncoding = 4; lastKnownFileType = sourcecode.c.h; path = ARRollerProtocol.h; sourceTree = "<group>"; };
		CEE2447B13D038FA00184AE9 /* ARRollerView.h */ = {isa = PBXFileReference; fileEncoding = 4; lastKnownFileType = sourcecode.c.h; path = ARRollerView.h; sourceTree = "<group>"; };
		CEE244BD13D03CFE00184AE9 /* AdWhirlAdNetworkAdapter.h */ = {isa = PBXFileReference; fileEncoding = 4; lastKnownFileType = sourcecode.c.h; path = AdWhirlAdNetworkAdapter.h; sourceTree = "<group>"; };
/* End PBXFileReference section */

/* Begin PBXFrameworksBuildPhase section */
		1D60588F0D05DD3D006BFB54 /* Frameworks */ = {
			isa = PBXFrameworksBuildPhase;
			buildActionMask = 2147483647;
			files = (
				1D60589F0D05DD5A006BFB54 /* Foundation.framework in Frameworks */,
				1DF5F4E00D08C38300B7A737 /* UIKit.framework in Frameworks */,
				288765A50DF7441C002DB57D /* CoreGraphics.framework in Frameworks */,
				CEA8F3BB1294DDD400699D3C /* CoreLocation.framework in Frameworks */,
				CE90E51B129591F200296C53 /* AddressBook.framework in Frameworks */,
				CE90E51C129591F200296C53 /* AudioToolbox.framework in Frameworks */,
				CE90E51D129591F200296C53 /* AVFoundation.framework in Frameworks */,
				CE90E51E129591F200296C53 /* MapKit.framework in Frameworks */,
				CE90E51F129591F200296C53 /* MediaPlayer.framework in Frameworks */,
				CE90E520129591F200296C53 /* MessageUI.framework in Frameworks */,
				CE90E521129591F200296C53 /* QuartzCore.framework in Frameworks */,
				CE90E522129591F200296C53 /* SystemConfiguration.framework in Frameworks */,
			);
			runOnlyForDeploymentPostprocessing = 0;
		};
/* End PBXFrameworksBuildPhase section */

/* Begin PBXGroup section */
		080E96DDFE201D6D7F000001 /* Classes */ = {
			isa = PBXGroup;
			children = (
				1D3623240D0F684500981E51 /* adWhirlAppDelegate.h */,
				1D3623250D0F684500981E51 /* adWhirlAppDelegate.m */,
				28D7ACF60DDB3853001CB0EB /* adWhirlViewController.h */,
				28D7ACF70DDB3853001CB0EB /* adWhirlViewController.m */,
			);
			path = Classes;
			sourceTree = "<group>";
		};
		19C28FACFE9D520D11CA2CBB /* Products */ = {
			isa = PBXGroup;
			children = (
				1D6058910D05DD3D006BFB54 /* adWhirl.app */,
			);
			name = Products;
			sourceTree = "<group>";
		};
		29B97314FDCFA39411CA2CEA /* CustomTemplate */ = {
			isa = PBXGroup;
			children = (
				CED8A05215A60B6700F2AC06 /* TouchJSON */,
				CED8A00A15A5EB2200F2AC06 /* Plus1 SDK */,
				CEE2443513D038FA00184AE9 /* AdWhirl */,
				080E96DDFE201D6D7F000001 /* Classes */,
				29B97315FDCFA39411CA2CEA /* Other Sources */,
				29B97317FDCFA39411CA2CEA /* Resources */,
				29B97323FDCFA39411CA2CEA /* Frameworks */,
				19C28FACFE9D520D11CA2CBB /* Products */,
			);
			name = CustomTemplate;
			sourceTree = "<group>";
		};
		29B97315FDCFA39411CA2CEA /* Other Sources */ = {
			isa = PBXGroup;
			children = (
				32CA4F630368D1EE00C91783 /* adWhirl_Prefix.pch */,
				29B97316FDCFA39411CA2CEA /* main.m */,
			);
			name = "Other Sources";
			sourceTree = "<group>";
		};
		29B97317FDCFA39411CA2CEA /* Resources */ = {
			isa = PBXGroup;
			children = (
				CEA8F2511294D49500699D3C /* images */,
				2899E5210DE3E06400AC0155 /* adWhirlViewController.xib */,
				28AD733E0D9D9553002E5188 /* MainWindow.xib */,
				8D1107310486CEB800E47090 /* adWhirl-Info.plist */,
			);
			name = Resources;
			sourceTree = "<group>";
		};
		29B97323FDCFA39411CA2CEA /* Frameworks */ = {
			isa = PBXGroup;
			children = (
				CE90E513129591F200296C53 /* AddressBook.framework */,
				CE90E514129591F200296C53 /* AudioToolbox.framework */,
				CE90E515129591F200296C53 /* AVFoundation.framework */,
				CE90E516129591F200296C53 /* MapKit.framework */,
				CE90E517129591F200296C53 /* MediaPlayer.framework */,
				CE90E518129591F200296C53 /* MessageUI.framework */,
				CE90E519129591F200296C53 /* QuartzCore.framework */,
				CE90E51A129591F200296C53 /* SystemConfiguration.framework */,
				CEA8F3BA1294DDD400699D3C /* CoreLocation.framework */,
				1DF5F4DF0D08C38300B7A737 /* UIKit.framework */,
				1D30AB110D05D00D00671497 /* Foundation.framework */,
				288765A40DF7441C002DB57D /* CoreGraphics.framework */,
			);
			name = Frameworks;
			sourceTree = "<group>";
		};
		CEA8F2511294D49500699D3C /* images */ = {
			isa = PBXGroup;
			children = (
				CEA8F2371294D47900699D3C /* wp_banner_background.png */,
				CEA8F2381294D47900699D3C /* wp_banner_close.png */,
				CEA8F2391294D47900699D3C /* wp_banner_shild.png */,
			);
			name = images;
			sourceTree = "<group>";
		};
		CED8A00A15A5EB2200F2AC06 /* Plus1 SDK */ = {
			isa = PBXGroup;
			children = (
				CED8A00B15A5EB2200F2AC06 /* MPAdBrowserController.h */,
				CED8A00C15A5EB2200F2AC06 /* MPAdBrowserController.m */,
				CED8A00D15A5EB2200F2AC06 /* MPAdBrowserController.xib */,
				CED8A00E15A5EB2200F2AC06 /* MPTimer.h */,
				CED8A00F15A5EB2200F2AC06 /* MPTimer.m */,
				CED8A01015A5EB2200F2AC06 /* MRAID */,
				CED8A01F15A5EB2200F2AC06 /* MRAID.bundle */,
				CED8A02015A5EB2200F2AC06 /* NSString+MD5Addition.h */,
				CED8A02115A5EB2200F2AC06 /* NSString+MD5Addition.m */,
				CED8A02215A5EB2200F2AC06 /* UIDevice+IdentifierAddition.h */,
				CED8A02315A5EB2200F2AC06 /* UIDevice+IdentifierAddition.m */,
				CED8A02415A5EB2200F2AC06 /* WPAdView.h */,
				CED8A02515A5EB2200F2AC06 /* WPAdView.m */,
				CED8A02615A5EB2200F2AC06 /* WPBannerInfoLoader.h */,
				CED8A02715A5EB2200F2AC06 /* WPBannerInfoLoader.m */,
				CED8A02815A5EB2200F2AC06 /* WPBannerRequestInfo.h */,
				CED8A02915A5EB2200F2AC06 /* WPBannerRequestInfo.m */,
				CED8A02A15A5EB2200F2AC06 /* WPBannerView.h */,
				CED8A02B15A5EB2200F2AC06 /* WPBannerView.m */,
				CED8A02C15A5EB2200F2AC06 /* WPLocationManager.h */,
				CED8A02D15A5EB2200F2AC06 /* WPLocationManager.m */,
				CED8A02E15A5EB2200F2AC06 /* WPLogging.h */,
				CED8A02F15A5EB2200F2AC06 /* WPTypes.h */,
				CED8A03015A5EB2200F2AC06 /* WPUtils.h */,
				CED8A03115A5EB2200F2AC06 /* WPUtils.m */,
			);
			name = "Plus1 SDK";
			path = ../SDK/src;
			sourceTree = "<group>";
		};
		CED8A01015A5EB2200F2AC06 /* MRAID */ = {
			isa = PBXGroup;
			children = (
				CED8A01115A5EB2200F2AC06 /* LICENSE */,
				CED8A01215A5EB2200F2AC06 /* MRAdView+Controllers.h */,
				CED8A01315A5EB2200F2AC06 /* MRAdView.h */,
				CED8A01415A5EB2200F2AC06 /* MRAdView.m */,
				CED8A01515A5EB2200F2AC06 /* MRAdViewBrowsingController.h */,
				CED8A01615A5EB2200F2AC06 /* MRAdViewBrowsingController.m */,
				CED8A01715A5EB2200F2AC06 /* MRAdViewDisplayController.h */,
				CED8A01815A5EB2200F2AC06 /* MRAdViewDisplayController.m */,
				CED8A01915A5EB2200F2AC06 /* MRCommand.h */,
				CED8A01A15A5EB2200F2AC06 /* MRCommand.m */,
				CED8A01B15A5EB2200F2AC06 /* MRDimmingView.h */,
				CED8A01C15A5EB2200F2AC06 /* MRDimmingView.m */,
				CED8A01D15A5EB2200F2AC06 /* MRProperty.h */,
				CED8A01E15A5EB2200F2AC06 /* MRProperty.m */,
			);
			path = MRAID;
			sourceTree = "<group>";
		};
		CED8A05215A60B6700F2AC06 /* TouchJSON */ = {
			isa = PBXGroup;
			children = (
				CED8A05315A60B6700F2AC06 /* CDataScanner.h */,
				CED8A05415A60B6700F2AC06 /* CDataScanner.m */,
				CED8A05515A60B6700F2AC06 /* Extensions */,
				CED8A05E15A60B6700F2AC06 /* JSON */,
			);
			path = TouchJSON;
			sourceTree = "<group>";
		};
		CED8A05515A60B6700F2AC06 /* Extensions */ = {
			isa = PBXGroup;
			children = (
				CED8A05615A60B6700F2AC06 /* CDataScanner_Extensions.h */,
				CED8A05715A60B6700F2AC06 /* CDataScanner_Extensions.m */,
				CED8A05815A60B6700F2AC06 /* NSCharacterSet_Extensions.h */,
				CED8A05915A60B6700F2AC06 /* NSCharacterSet_Extensions.m */,
				CED8A05A15A60B6700F2AC06 /* NSDictionary_JSONExtensions.h */,
				CED8A05B15A60B6700F2AC06 /* NSDictionary_JSONExtensions.m */,
				CED8A05C15A60B6700F2AC06 /* NSScanner_Extensions.h */,
				CED8A05D15A60B6700F2AC06 /* NSScanner_Extensions.m */,
			);
			path = Extensions;
			sourceTree = "<group>";
		};
		CED8A05E15A60B6700F2AC06 /* JSON */ = {
			isa = PBXGroup;
			children = (
				CED8A05F15A60B6700F2AC06 /* CJSONDataSerializer.h */,
				CED8A06015A60B6700F2AC06 /* CJSONDataSerializer.m */,
				CED8A06115A60B6700F2AC06 /* CJSONDeserializer.h */,
				CED8A06215A60B6700F2AC06 /* CJSONDeserializer.m */,
				CED8A06315A60B6700F2AC06 /* CJSONScanner.h */,
				CED8A06415A60B6700F2AC06 /* CJSONScanner.m */,
				CED8A06515A60B6700F2AC06 /* CJSONSerializer.h */,
				CED8A06615A60B6700F2AC06 /* CJSONSerializer.m */,
				CED8A06715A60B6700F2AC06 /* CSerializedJSONData.h */,
				CED8A06815A60B6700F2AC06 /* CSerializedJSONData.m */,
			);
			path = JSON;
			sourceTree = "<group>";
		};
		CEE2443513D038FA00184AE9 /* AdWhirl */ = {
			isa = PBXGroup;
			children = (
				CEE2443613D038FA00184AE9 /* adapters */,
				CEE2445213D038FA00184AE9 /* AdWhirlDelegateProtocol.h */,
				CEE2445313D038FA00184AE9 /* AdWhirlView.h */,
				CEE2445413D038FA00184AE9 /* internal */,
				CEE2447913D038FA00184AE9 /* legacy */,
			);
			path = AdWhirl;
			sourceTree = "<group>";
		};
		CEE2443613D038FA00184AE9 /* adapters */ = {
			isa = PBXGroup;
			children = (
				CEE244BD13D03CFE00184AE9 /* AdWhirlAdNetworkAdapter.h */,
			);
			path = adapters;
			sourceTree = "<group>";
		};
		CEE2445413D038FA00184AE9 /* internal */ = {
			isa = PBXGroup;
			children = (
				CEE2445513D038FA00184AE9 /* AdWhirlAdapterCustom.h */,
				CEE2445613D038FA00184AE9 /* AdWhirlAdapterCustom.m */,
				CEE2445713D038FA00184AE9 /* AdWhirlAdapterEvent.h */,
				CEE2445813D038FA00184AE9 /* AdWhirlAdapterEvent.m */,
				CEE2445913D038FA00184AE9 /* AdWhirlAdapterGeneric.h */,
				CEE2445A13D038FA00184AE9 /* AdWhirlAdapterGeneric.m */,
				CEE2445B13D038FA00184AE9 /* AdWhirlAdNetworkAdapter+Helpers.h */,
				CEE2445C13D038FA00184AE9 /* AdWhirlAdNetworkAdapter+Helpers.m */,
				CEE2445D13D038FA00184AE9 /* AdWhirlAdNetworkAdapter.m */,
				CEE2445E13D038FA00184AE9 /* AdWhirlAdNetworkConfig.h */,
				CEE2445F13D038FA00184AE9 /* AdWhirlAdNetworkConfig.m */,
				CEE2446013D038FA00184AE9 /* AdWhirlAdNetworkRegistry.h */,
				CEE2446113D038FA00184AE9 /* AdWhirlAdNetworkRegistry.m */,
				CEE2446213D038FA00184AE9 /* AdWhirlClassWrapper.h */,
				CEE2446313D038FA00184AE9 /* AdWhirlClassWrapper.m */,
				CEE2446413D038FA00184AE9 /* AdWhirlConfig.h */,
				CEE2446513D038FA00184AE9 /* AdWhirlConfig.m */,
				CEE2446613D038FA00184AE9 /* AdWhirlConfigStore.h */,
				CEE2446713D038FA00184AE9 /* AdWhirlConfigStore.m */,
				CEE2446813D038FA00184AE9 /* AdWhirlCustomAdView.h */,
				CEE2446913D038FA00184AE9 /* AdWhirlCustomAdView.m */,
				CEE2446A13D038FA00184AE9 /* AdWhirlError.h */,
				CEE2446B13D038FA00184AE9 /* AdWhirlError.m */,
				CEE2446C13D038FA00184AE9 /* AdWhirlLog.h */,
				CEE2446D13D038FA00184AE9 /* AdWhirlLog.m */,
				CEE2446E13D038FA00184AE9 /* AdWhirlView+.h */,
				CEE2446F13D038FA00184AE9 /* AdWhirlView.m */,
				CEE2447013D038FA00184AE9 /* AdWhirlWebBrowser.xib */,
				CEE2447113D038FA00184AE9 /* AdWhirlWebBrowserController.h */,
				CEE2447213D038FA00184AE9 /* AdWhirlWebBrowserController.m */,
				CEE2447313D038FA00184AE9 /* ARRollerView.m */,
				CEE2447413D038FA00184AE9 /* AWNetworkReachabilityDelegate.h */,
				CEE2447513D038FA00184AE9 /* AWNetworkReachabilityWrapper.h */,
				CEE2447613D038FA00184AE9 /* AWNetworkReachabilityWrapper.m */,
				CEE2447713D038FA00184AE9 /* UIColor+AdWhirlConfig.h */,
				CEE2447813D038FA00184AE9 /* UIColor+AdWhirlConfig.m */,
			);
			path = internal;
			sourceTree = "<group>";
		};
		CEE2447913D038FA00184AE9 /* legacy */ = {
			isa = PBXGroup;
			children = (
				CEE2447A13D038FA00184AE9 /* ARRollerProtocol.h */,
				CEE2447B13D038FA00184AE9 /* ARRollerView.h */,
			);
			path = legacy;
			sourceTree = "<group>";
		};
/* End PBXGroup section */

/* Begin PBXNativeTarget section */
		1D6058900D05DD3D006BFB54 /* adWhirl */ = {
			isa = PBXNativeTarget;
			buildConfigurationList = 1D6058960D05DD3E006BFB54 /* Build configuration list for PBXNativeTarget "adWhirl" */;
			buildPhases = (
				1D60588D0D05DD3D006BFB54 /* Resources */,
				1D60588E0D05DD3D006BFB54 /* Sources */,
				1D60588F0D05DD3D006BFB54 /* Frameworks */,
			);
			buildRules = (
			);
			dependencies = (
			);
			name = adWhirl;
			productName = adWhirl;
			productReference = 1D6058910D05DD3D006BFB54 /* adWhirl.app */;
			productType = "com.apple.product-type.application";
		};
/* End PBXNativeTarget section */

/* Begin PBXProject section */
		29B97313FDCFA39411CA2CEA /* Project object */ = {
			isa = PBXProject;
			buildConfigurationList = C01FCF4E08A954540054247B /* Build configuration list for PBXProject "adWhirl" */;
			compatibilityVersion = "Xcode 3.1";
			developmentRegion = English;
			hasScannedForEncodings = 1;
			knownRegions = (
				en,
			);
			mainGroup = 29B97314FDCFA39411CA2CEA /* CustomTemplate */;
			projectDirPath = "";
			projectRoot = "";
			targets = (
				1D6058900D05DD3D006BFB54 /* adWhirl */,
			);
		};
/* End PBXProject section */

/* Begin PBXResourcesBuildPhase section */
		1D60588D0D05DD3D006BFB54 /* Resources */ = {
			isa = PBXResourcesBuildPhase;
			buildActionMask = 2147483647;
			files = (
				28AD733F0D9D9553002E5188 /* MainWindow.xib in Resources */,
				2899E5220DE3E06400AC0155 /* adWhirlViewController.xib in Resources */,
				CEA8F2481294D47900699D3C /* wp_banner_background.png in Resources */,
				CEA8F2491294D47900699D3C /* wp_banner_close.png in Resources */,
				CEA8F24A1294D47900699D3C /* wp_banner_shild.png in Resources */,
				CEE2449713D038FA00184AE9 /* AdWhirlWebBrowser.xib in Resources */,
				CED8A03315A5EB2200F2AC06 /* MPAdBrowserController.xib in Resources */,
				CED8A03515A5EB2200F2AC06 /* LICENSE in Resources */,
				CED8A03C15A5EB2200F2AC06 /* MRAID.bundle in Resources */,
			);
			runOnlyForDeploymentPostprocessing = 0;
		};
/* End PBXResourcesBuildPhase section */

/* Begin PBXSourcesBuildPhase section */
		1D60588E0D05DD3D006BFB54 /* Sources */ = {
			isa = PBXSourcesBuildPhase;
			buildActionMask = 2147483647;
			files = (
				1D60589B0D05DD56006BFB54 /* main.m in Sources */,
				1D3623260D0F684500981E51 /* adWhirlAppDelegate.m in Sources */,
				28D7ACF80DDB3853001CB0EB /* adWhirlViewController.m in Sources */,
				CEE2448913D038FA00184AE9 /* AdWhirlAdapterCustom.m in Sources */,
				CEE2448A13D038FA00184AE9 /* AdWhirlAdapterEvent.m in Sources */,
				CEE2448B13D038FA00184AE9 /* AdWhirlAdapterGeneric.m in Sources */,
				CEE2448C13D038FA00184AE9 /* AdWhirlAdNetworkAdapter+Helpers.m in Sources */,
				CEE2448D13D038FA00184AE9 /* AdWhirlAdNetworkAdapter.m in Sources */,
				CEE2448E13D038FA00184AE9 /* AdWhirlAdNetworkConfig.m in Sources */,
				CEE2448F13D038FA00184AE9 /* AdWhirlAdNetworkRegistry.m in Sources */,
				CEE2449013D038FA00184AE9 /* AdWhirlClassWrapper.m in Sources */,
				CEE2449113D038FA00184AE9 /* AdWhirlConfig.m in Sources */,
				CEE2449213D038FA00184AE9 /* AdWhirlConfigStore.m in Sources */,
				CEE2449313D038FA00184AE9 /* AdWhirlCustomAdView.m in Sources */,
				CEE2449413D038FA00184AE9 /* AdWhirlError.m in Sources */,
				CEE2449513D038FA00184AE9 /* AdWhirlLog.m in Sources */,
				CEE2449613D038FA00184AE9 /* AdWhirlView.m in Sources */,
				CEE2449813D038FA00184AE9 /* AdWhirlWebBrowserController.m in Sources */,
				CEE2449913D038FA00184AE9 /* ARRollerView.m in Sources */,
				CEE2449A13D038FA00184AE9 /* AWNetworkReachabilityWrapper.m in Sources */,
				CEE2449B13D038FA00184AE9 /* UIColor+AdWhirlConfig.m in Sources */,
				CED8A03215A5EB2200F2AC06 /* MPAdBrowserController.m in Sources */,
				CED8A03415A5EB2200F2AC06 /* MPTimer.m in Sources */,
				CED8A03615A5EB2200F2AC06 /* MRAdView.m in Sources */,
				CED8A03715A5EB2200F2AC06 /* MRAdViewBrowsingController.m in Sources */,
				CED8A03815A5EB2200F2AC06 /* MRAdViewDisplayController.m in Sources */,
				CED8A03915A5EB2200F2AC06 /* MRCommand.m in Sources */,
				CED8A03A15A5EB2200F2AC06 /* MRDimmingView.m in Sources */,
				CED8A03B15A5EB2200F2AC06 /* MRProperty.m in Sources */,
				CED8A03D15A5EB2200F2AC06 /* NSString+MD5Addition.m in Sources */,
				CED8A03E15A5EB2200F2AC06 /* UIDevice+IdentifierAddition.m in Sources */,
				CED8A03F15A5EB2200F2AC06 /* WPAdView.m in Sources */,
				CED8A04015A5EB2200F2AC06 /* WPBannerInfoLoader.m in Sources */,
				CED8A04115A5EB2200F2AC06 /* WPBannerRequestInfo.m in Sources */,
				CED8A04215A5EB2200F2AC06 /* WPBannerView.m in Sources */,
				CED8A04315A5EB2200F2AC06 /* WPLocationManager.m in Sources */,
				CED8A04415A5EB2200F2AC06 /* WPUtils.m in Sources */,
				CED8A06915A60B6700F2AC06 /* CDataScanner.m in Sources */,
				CED8A06A15A60B6700F2AC06 /* CDataScanner_Extensions.m in Sources */,
				CED8A06B15A60B6700F2AC06 /* NSCharacterSet_Extensions.m in Sources */,
				CED8A06C15A60B6700F2AC06 /* NSDictionary_JSONExtensions.m in Sources */,
				CED8A06D15A60B6700F2AC06 /* NSScanner_Extensions.m in Sources */,
				CED8A06E15A60B6700F2AC06 /* CJSONDataSerializer.m in Sources */,
				CED8A06F15A60B6700F2AC06 /* CJSONDeserializer.m in Sources */,
				CED8A07015A60B6700F2AC06 /* CJSONScanner.m in Sources */,
				CED8A07115A60B6700F2AC06 /* CJSONSerializer.m in Sources */,
				CED8A07215A60B6700F2AC06 /* CSerializedJSONData.m in Sources */,
			);
			runOnlyForDeploymentPostprocessing = 0;
		};
/* End PBXSourcesBuildPhase section */

/* Begin XCBuildConfiguration section */
		1D6058940D05DD3E006BFB54 /* Debug */ = {
			isa = XCBuildConfiguration;
			buildSettings = {
				ALWAYS_SEARCH_USER_PATHS = NO;
				COPY_PHASE_STRIP = NO;
				GCC_DYNAMIC_NO_PIC = NO;
				GCC_OPTIMIZATION_LEVEL = 0;
				GCC_PRECOMPILE_PREFIX_HEADER = YES;
				GCC_PREFIX_HEADER = adWhirl_Prefix.pch;
				HEADER_SEARCH_PATHS = /usr/include/libxml2;
				INFOPLIST_FILE = "adWhirl-Info.plist";
				OTHER_LDFLAGS = "-lxml2";
				PRODUCT_NAME = adWhirl;
			};
			name = Debug;
		};
		1D6058950D05DD3E006BFB54 /* Release */ = {
			isa = XCBuildConfiguration;
			buildSettings = {
				ALWAYS_SEARCH_USER_PATHS = NO;
				COPY_PHASE_STRIP = YES;
				GCC_PRECOMPILE_PREFIX_HEADER = YES;
				GCC_PREFIX_HEADER = adWhirl_Prefix.pch;
				HEADER_SEARCH_PATHS = /usr/include/libxml2;
				INFOPLIST_FILE = "adWhirl-Info.plist";
				OTHER_LDFLAGS = "-lxml2";
				PRODUCT_NAME = adWhirl;
			};
			name = Release;
		};
		C01FCF4F08A954540054247B /* Debug */ = {
			isa = XCBuildConfiguration;
			buildSettings = {
				ARCHS = "$(ARCHS_STANDARD_32_BIT)";
				"CODE_SIGN_IDENTITY[sdk=iphoneos*]" = "iPhone Developer";
				GCC_C_LANGUAGE_STANDARD = c99;
				GCC_WARN_ABOUT_RETURN_TYPE = YES;
				GCC_WARN_UNUSED_VARIABLE = YES;
				PREBINDING = NO;
				SDKROOT = iphoneos3.1.3;
			};
			name = Debug;
		};
		C01FCF5008A954540054247B /* Release */ = {
			isa = XCBuildConfiguration;
			buildSettings = {
				ARCHS = "$(ARCHS_STANDARD_32_BIT)";
				"CODE_SIGN_IDENTITY[sdk=iphoneos*]" = "iPhone Developer";
				GCC_C_LANGUAGE_STANDARD = c99;
				GCC_WARN_ABOUT_RETURN_TYPE = YES;
				GCC_WARN_UNUSED_VARIABLE = YES;
				PREBINDING = NO;
				SDKROOT = iphoneos3.1.3;
			};
			name = Release;
		};
/* End XCBuildConfiguration section */

/* Begin XCConfigurationList section */
		1D6058960D05DD3E006BFB54 /* Build configuration list for PBXNativeTarget "adWhirl" */ = {
			isa = XCConfigurationList;
			buildConfigurations = (
				1D6058940D05DD3E006BFB54 /* Debug */,
				1D6058950D05DD3E006BFB54 /* Release */,
			);
			defaultConfigurationIsVisible = 0;
			defaultConfigurationName = Release;
		};
		C01FCF4E08A954540054247B /* Build configuration list for PBXProject "adWhirl" */ = {
			isa = XCConfigurationList;
			buildConfigurations = (
				C01FCF4F08A954540054247B /* Debug */,
				C01FCF5008A954540054247B /* Release */,
			);
			defaultConfigurationIsVisible = 0;
			defaultConfigurationName = Release;
		};
/* End XCConfigurationList section */
	};
	rootObject = 29B97313FDCFA39411CA2CEA /* Project object */;
}
